<?xml version="1.0" encoding="UTF-8"?>
<!DOCTYPE plist PUBLIC "-//Apple//DTD PLIST 1.0//EN" "http://www.apple.com/DTDs/PropertyList-1.0.dtd">
<plist version="1.0">
<dict>
	<key>archiveVersion</key>
	<string>1</string>
	<key>classes</key>
	<dict/>
	<key>objectVersion</key>
	<string>46</string>
	<key>objects</key>
	<dict>
		<key>017CFE35F4873F7DCD00325B</key>
		<dict>
			<key>buildActionMask</key>
			<string>2147483647</string>
			<key>files</key>
			<array/>
			<key>inputPaths</key>
			<array/>
			<key>isa</key>
			<string>PBXShellScriptBuildPhase</string>
			<key>name</key>
			<string>[CP] Embed Pods Frameworks</string>
			<key>outputPaths</key>
			<array/>
			<key>runOnlyForDeploymentPostprocessing</key>
			<string>0</string>
			<key>shellPath</key>
			<string>/bin/sh</string>
			<key>shellScript</key>
			<string>"${SRCROOT}/Pods/Target Support Files/Pods-TestTemplateProject/Pods-TestTemplateProject-frameworks.sh"
</string>
			<key>showEnvVarsInLog</key>
			<string>0</string>
		</dict>
		<key>0B6364692DBB1E35BBAC518E</key>
		<dict>
			<key>explicitFileType</key>
			<string>archive.ar</string>
			<key>includeInIndex</key>
			<string>0</string>
			<key>isa</key>
			<string>PBXFileReference</string>
			<key>path</key>
			<string>libPods-TestTemplateProject.a</string>
			<key>sourceTree</key>
			<string>BUILT_PRODUCTS_DIR</string>
		</dict>
		<key>2B1041A2256952E4587B17F5</key>
		<dict>
			<key>fileRef</key>
			<string>0B6364692DBB1E35BBAC518E</string>
			<key>isa</key>
			<string>PBXBuildFile</string>
		</dict>
		<key>330F7BB41ED3321F0009280A</key>
		<dict>
			<key>children</key>
			<array>
				<string>330F7BBF1ED3321F0009280A</string>
				<string>330F7BBE1ED3321F0009280A</string>
				<string>7B8C9382664DA89AC4C34223</string>
				<string>BDE61C448897B6B2235B7026</string>
			</array>
			<key>isa</key>
			<string>PBXGroup</string>
			<key>sourceTree</key>
			<string>&lt;group&gt;</string>
		</dict>
		<key>330F7BB51ED3321F0009280A</key>
		<dict>
			<key>attributes</key>
			<dict>
				<key>LastUpgradeCheck</key>
				<string>0830</string>
				<key>ORGANIZATIONNAME</key>
				<string>iOSStudio</string>
				<key>TargetAttributes</key>
				<dict>
					<key>330F7BBC1ED3321F0009280A</key>
					<dict>
						<key>CreatedOnToolsVersion</key>
						<string>8.3.2</string>
						<key>ProvisioningStyle</key>
						<string>Manual</string>
					</dict>
				</dict>
			</dict>
			<key>buildConfigurationList</key>
			<string>330F7BB81ED3321F0009280A</string>
			<key>compatibilityVersion</key>
			<string>Xcode 3.2</string>
			<key>developmentRegion</key>
			<string>English</string>
			<key>hasScannedForEncodings</key>
			<string>0</string>
			<key>isa</key>
			<string>PBXProject</string>
			<key>knownRegions</key>
			<array>
				<string>en</string>
				<string>Base</string>
			</array>
			<key>mainGroup</key>
			<string>330F7BB41ED3321F0009280A</string>
			<key>productRefGroup</key>
			<string>330F7BBE1ED3321F0009280A</string>
			<key>projectDirPath</key>
			<string></string>
			<key>projectReferences</key>
			<array/>
			<key>projectRoot</key>
			<string></string>
			<key>targets</key>
			<array>
				<string>330F7BBC1ED3321F0009280A</string>
			</array>
		</dict>
		<key>330F7BB81ED3321F0009280A</key>
		<dict>
			<key>buildConfigurations</key>
			<array>
				<string>330F7BD21ED3321F0009280A</string>
				<string>330F7BD31ED3321F0009280A</string>
			</array>
			<key>defaultConfigurationIsVisible</key>
			<string>0</string>
			<key>defaultConfigurationName</key>
			<string>Release</string>
			<key>isa</key>
			<string>XCConfigurationList</string>
		</dict>
		<key>330F7BB91ED3321F0009280A</key>
		<dict>
			<key>buildActionMask</key>
			<string>2147483647</string>
			<key>files</key>
			<array>
				<string>B563403F1F6002DB00A72567</string>
				<string>B507115D1F0E4AB3008EC4AE</string>
				<string>B5647FF41EF912EE009CF536</string>
				<string>33144EF91EF05218006D27AC</string>
				<string>33144EF61EF05059006D27AC</string>
				<string>B563401B1F6002DB00A72567</string>
				<string>B5FA68AD1EF26F870077349C</string>
				<string>B507115C1F0E4AB3008EC4AE</string>
				<string>B5FA68AE1EF26F870077349C</string>
				<string>B56340241F6002DB00A72567</string>
				<string>B5647FA81EF90EC1009CF536</string>
				<string>B50394D81EEE71E00016FA97</string>
				<string>B50711511F0E4A4A008EC4AE</string>
				<string>B50394DE1EEE71FB0016FA97</string>
				<string>330F7BF61ED333F00009280A</string>
				<string>B507115F1F0E4AB3008EC4AE</string>
				<string>B5647F9A1EF90B1F009CF536</string>
				<string>B5647F991EF90B1F009CF536</string>
				<string>B5647F8B1EF8FB4C009CF536</string>
				<string>B56340221F6002DB00A72567</string>
				<string>B5647F9D1EF90E7C009CF536</string>
				<string>B56340261F6002DB00A72567</string>
				<string>330F7C0D1ED349AB0009280A</string>
				<string>B5633FDA1F6002C900A72567</string>
				<string>B5647FA71EF90EC1009CF536</string>
				<string>B563402D1F6002DB00A72567</string>
				<string>B50711521F0E4A4A008EC4AE</string>
				<string>B5647FA91EF90EC1009CF536</string>
				<string>B5FA68AF1EF26F870077349C</string>
				<string>B563402F1F6002DB00A72567</string>
				<string>330F7C001ED333F00009280A</string>
				<string>B5647F8F1EF9084E009CF536</string>
				<string>B507115E1F0E4AB3008EC4AE</string>
				<string>B56340191F6002DB00A72567</string>
				<string>B507113D1F0E4A39008EC4AE</string>
				<string>B5647FF71EF91BC7009CF536</string>
				<string>337EEC291EDC3F2C00EDC166</string>
				<string>B56340371F6002DB00A72567</string>
			</array>
			<key>isa</key>
			<string>PBXSourcesBuildPhase</string>
			<key>runOnlyForDeploymentPostprocessing</key>
			<string>0</string>
		</dict>
		<key>330F7BBA1ED3321F0009280A</key>
		<dict>
			<key>buildActionMask</key>
			<string>2147483647</string>
			<key>files</key>
			<array>
				<string>2B1041A2256952E4587B17F5</string>
			</array>
			<key>isa</key>
			<string>PBXFrameworksBuildPhase</string>
			<key>runOnlyForDeploymentPostprocessing</key>
			<string>0</string>
		</dict>
		<key>330F7BBB1ED3321F0009280A</key>
		<dict>
			<key>buildActionMask</key>
			<string>2147483647</string>
			<key>files</key>
			<array>
				<string>B563403D1F6002DB00A72567</string>
				<string>B56340231F6002DB00A72567</string>
				<string>B563403C1F6002DB00A72567</string>
				<string>B563403A1F6002DB00A72567</string>
				<string>B563401C1F6002DB00A72567</string>
				<string>B56340321F6002DB00A72567</string>
				<string>B50394D91EEE71E00016FA97</string>
				<string>B56340201F6002DB00A72567</string>
				<string>B563401F1F6002DB00A72567</string>
				<string>B56340351F6002DB00A72567</string>
				<string>B563402A1F6002DB00A72567</string>
				<string>B56340331F6002DB00A72567</string>
				<string>B56340401F6002DB00A72567</string>
				<string>B56340251F6002DB00A72567</string>
				<string>B563401D1F6002DB00A72567</string>
				<string>B50394DF1EEE71FB0016FA97</string>
				<string>B563403E1F6002DB00A72567</string>
				<string>B56340361F6002DB00A72567</string>
				<string>B56340311F6002DB00A72567</string>
				<string>B563401A1F6002DB00A72567</string>
				<string>B563402C1F6002DB00A72567</string>
				<string>B563402B1F6002DB00A72567</string>
				<string>B563402E1F6002DB00A72567</string>
				<string>B56340211F6002DB00A72567</string>
				<string>330F7C021ED334380009280A</string>
				<string>B563403B1F6002DB00A72567</string>
				<string>B56340281F6002DB00A72567</string>
				<string>B56340271F6002DB00A72567</string>
				<string>B56340291F6002DB00A72567</string>
				<string>B56340341F6002DB00A72567</string>
				<string>B56340391F6002DB00A72567</string>
				<string>B56340301F6002DB00A72567</string>
				<string>B563401E1F6002DB00A72567</string>
				<string>B56340381F6002DB00A72567</string>
			</array>
			<key>isa</key>
			<string>PBXResourcesBuildPhase</string>
			<key>runOnlyForDeploymentPostprocessing</key>
			<string>0</string>
		</dict>
		<key>330F7BBC1ED3321F0009280A</key>
		<dict>
			<key>buildConfigurationList</key>
			<string>330F7BD41ED3321F0009280A</string>
			<key>buildPhases</key>
			<array>
				<string>E066EE105A7C679E0096DEB6</string>
				<string>330F7BB91ED3321F0009280A</string>
				<string>330F7BBA1ED3321F0009280A</string>
				<string>330F7BBB1ED3321F0009280A</string>
				<string>017CFE35F4873F7DCD00325B</string>
				<string>E2A3D35009822E41A6D16F3A</string>
			</array>
			<key>buildRules</key>
			<array/>
			<key>dependencies</key>
			<array/>
			<key>isa</key>
			<string>PBXNativeTarget</string>
			<key>name</key>
			<string>TestTemplateProject</string>
			<key>productName</key>
			<string>TestTemplateProject</string>
			<key>productReference</key>
			<string>330F7BBD1ED3321F0009280A</string>
			<key>productType</key>
			<string>com.apple.product-type.application</string>
		</dict>
		<key>330F7BBD1ED3321F0009280A</key>
		<dict>
			<key>explicitFileType</key>
			<string>wrapper.application</string>
			<key>includeInIndex</key>
			<string>0</string>
			<key>isa</key>
			<string>PBXFileReference</string>
			<key>path</key>
			<string>TestTemplateProject.app</string>
			<key>sourceTree</key>
			<string>BUILT_PRODUCTS_DIR</string>
		</dict>
		<key>330F7BBE1ED3321F0009280A</key>
		<dict>
			<key>children</key>
			<array>
				<string>330F7BBD1ED3321F0009280A</string>
			</array>
			<key>isa</key>
			<string>PBXGroup</string>
			<key>name</key>
			<string>Products</string>
			<key>sourceTree</key>
			<string>&lt;group&gt;</string>
		</dict>
		<key>330F7BBF1ED3321F0009280A</key>
		<dict>
			<key>children</key>
			<array>
				<string>330F7BD81ED333F00009280A</string>
				<string>330F7BD71ED333F00009280A</string>
				<string>330F7BF21ED333F00009280A</string>
			</array>
			<key>isa</key>
			<string>PBXGroup</string>
			<key>path</key>
			<string>TestTemplateProject</string>
			<key>sourceTree</key>
			<string>&lt;group&gt;</string>
		</dict>
		<key>330F7BD21ED3321F0009280A</key>
		<dict>
			<key>buildSettings</key>
			<dict>
				<key>ALWAYS_SEARCH_USER_PATHS</key>
				<string>NO</string>
				<key>CLANG_ANALYZER_NONNULL</key>
				<string>YES</string>
				<key>CLANG_ANALYZER_NUMBER_OBJECT_CONVERSION</key>
				<string>YES_AGGRESSIVE</string>
				<key>CLANG_CXX_LANGUAGE_STANDARD</key>
				<string>gnu++0x</string>
				<key>CLANG_CXX_LIBRARY</key>
				<string>libc++</string>
				<key>CLANG_ENABLE_MODULES</key>
				<string>YES</string>
				<key>CLANG_ENABLE_OBJC_ARC</key>
				<string>YES</string>
				<key>CLANG_WARN_BOOL_CONVERSION</key>
				<string>YES</string>
				<key>CLANG_WARN_CONSTANT_CONVERSION</key>
				<string>YES</string>
				<key>CLANG_WARN_DIRECT_OBJC_ISA_USAGE</key>
				<string>YES_ERROR</string>
				<key>CLANG_WARN_DOCUMENTATION_COMMENTS</key>
				<string>YES</string>
				<key>CLANG_WARN_EMPTY_BODY</key>
				<string>YES</string>
				<key>CLANG_WARN_ENUM_CONVERSION</key>
				<string>YES</string>
				<key>CLANG_WARN_INFINITE_RECURSION</key>
				<string>YES</string>
				<key>CLANG_WARN_INT_CONVERSION</key>
				<string>YES</string>
				<key>CLANG_WARN_OBJC_ROOT_CLASS</key>
				<string>YES_ERROR</string>
				<key>CLANG_WARN_SUSPICIOUS_MOVE</key>
				<string>YES</string>
				<key>CLANG_WARN_UNREACHABLE_CODE</key>
				<string>YES</string>
				<key>CLANG_WARN__DUPLICATE_METHOD_MATCH</key>
				<string>YES</string>
				<key>CODE_SIGN_IDENTITY[sdk=iphoneos*]</key>
				<string>iPhone Developer</string>
				<key>COPY_PHASE_STRIP</key>
				<string>NO</string>
				<key>DEBUG_INFORMATION_FORMAT</key>
				<string>dwarf</string>
				<key>ENABLE_STRICT_OBJC_MSGSEND</key>
				<string>YES</string>
				<key>ENABLE_TESTABILITY</key>
				<string>YES</string>
				<key>GCC_C_LANGUAGE_STANDARD</key>
				<string>gnu99</string>
				<key>GCC_DYNAMIC_NO_PIC</key>
				<string>NO</string>
				<key>GCC_NO_COMMON_BLOCKS</key>
				<string>YES</string>
				<key>GCC_OPTIMIZATION_LEVEL</key>
				<string>0</string>
				<key>GCC_PREPROCESSOR_DEFINITIONS</key>
				<array>
					<string>DEBUG=1</string>
					<string>$(inherited)</string>
				</array>
				<key>GCC_WARN_64_TO_32_BIT_CONVERSION</key>
				<string>YES</string>
				<key>GCC_WARN_ABOUT_RETURN_TYPE</key>
				<string>YES_ERROR</string>
				<key>GCC_WARN_UNDECLARED_SELECTOR</key>
				<string>YES</string>
				<key>GCC_WARN_UNINITIALIZED_AUTOS</key>
				<string>YES_AGGRESSIVE</string>
				<key>GCC_WARN_UNUSED_FUNCTION</key>
				<string>YES</string>
				<key>GCC_WARN_UNUSED_VARIABLE</key>
				<string>YES</string>
				<key>IPHONEOS_DEPLOYMENT_TARGET</key>
				<string>8.0</string>
				<key>MTL_ENABLE_DEBUG_INFO</key>
				<string>YES</string>
				<key>ONLY_ACTIVE_ARCH</key>
				<string>YES</string>
				<key>SDKROOT</key>
				<string>iphoneos</string>
			</dict>
			<key>isa</key>
			<string>XCBuildConfiguration</string>
			<key>name</key>
			<string>Debug</string>
		</dict>
		<key>330F7BD31ED3321F0009280A</key>
		<dict>
			<key>buildSettings</key>
			<dict>
				<key>ALWAYS_SEARCH_USER_PATHS</key>
				<string>NO</string>
				<key>CLANG_ANALYZER_NONNULL</key>
				<string>YES</string>
				<key>CLANG_ANALYZER_NUMBER_OBJECT_CONVERSION</key>
				<string>YES_AGGRESSIVE</string>
				<key>CLANG_CXX_LANGUAGE_STANDARD</key>
				<string>gnu++0x</string>
				<key>CLANG_CXX_LIBRARY</key>
				<string>libc++</string>
				<key>CLANG_ENABLE_MODULES</key>
				<string>YES</string>
				<key>CLANG_ENABLE_OBJC_ARC</key>
				<string>YES</string>
				<key>CLANG_WARN_BOOL_CONVERSION</key>
				<string>YES</string>
				<key>CLANG_WARN_CONSTANT_CONVERSION</key>
				<string>YES</string>
				<key>CLANG_WARN_DIRECT_OBJC_ISA_USAGE</key>
				<string>YES_ERROR</string>
				<key>CLANG_WARN_DOCUMENTATION_COMMENTS</key>
				<string>YES</string>
				<key>CLANG_WARN_EMPTY_BODY</key>
				<string>YES</string>
				<key>CLANG_WARN_ENUM_CONVERSION</key>
				<string>YES</string>
				<key>CLANG_WARN_INFINITE_RECURSION</key>
				<string>YES</string>
				<key>CLANG_WARN_INT_CONVERSION</key>
				<string>YES</string>
				<key>CLANG_WARN_OBJC_ROOT_CLASS</key>
				<string>YES_ERROR</string>
				<key>CLANG_WARN_SUSPICIOUS_MOVE</key>
				<string>YES</string>
				<key>CLANG_WARN_UNREACHABLE_CODE</key>
				<string>YES</string>
				<key>CLANG_WARN__DUPLICATE_METHOD_MATCH</key>
				<string>YES</string>
				<key>CODE_SIGN_IDENTITY[sdk=iphoneos*]</key>
				<string>iPhone Developer</string>
				<key>COPY_PHASE_STRIP</key>
				<string>NO</string>
				<key>DEBUG_INFORMATION_FORMAT</key>
				<string>dwarf-with-dsym</string>
				<key>ENABLE_NS_ASSERTIONS</key>
				<string>NO</string>
				<key>ENABLE_STRICT_OBJC_MSGSEND</key>
				<string>YES</string>
				<key>GCC_C_LANGUAGE_STANDARD</key>
				<string>gnu99</string>
				<key>GCC_NO_COMMON_BLOCKS</key>
				<string>YES</string>
				<key>GCC_WARN_64_TO_32_BIT_CONVERSION</key>
				<string>YES</string>
				<key>GCC_WARN_ABOUT_RETURN_TYPE</key>
				<string>YES_ERROR</string>
				<key>GCC_WARN_UNDECLARED_SELECTOR</key>
				<string>YES</string>
				<key>GCC_WARN_UNINITIALIZED_AUTOS</key>
				<string>YES_AGGRESSIVE</string>
				<key>GCC_WARN_UNUSED_FUNCTION</key>
				<string>YES</string>
				<key>GCC_WARN_UNUSED_VARIABLE</key>
				<string>YES</string>
				<key>IPHONEOS_DEPLOYMENT_TARGET</key>
				<string>8.0</string>
				<key>MTL_ENABLE_DEBUG_INFO</key>
				<string>NO</string>
				<key>SDKROOT</key>
				<string>iphoneos</string>
				<key>VALIDATE_PRODUCT</key>
				<string>YES</string>
			</dict>
			<key>isa</key>
			<string>XCBuildConfiguration</string>
			<key>name</key>
			<string>Release</string>
		</dict>
		<key>330F7BD41ED3321F0009280A</key>
		<dict>
			<key>buildConfigurations</key>
			<array>
				<string>330F7BD51ED3321F0009280A</string>
				<string>330F7BD61ED3321F0009280A</string>
			</array>
			<key>defaultConfigurationIsVisible</key>
			<string>0</string>
			<key>defaultConfigurationName</key>
			<string>Release</string>
			<key>isa</key>
			<string>XCConfigurationList</string>
		</dict>
		<key>330F7BD51ED3321F0009280A</key>
		<dict>
			<key>baseConfigurationReference</key>
			<string>5C6D28EEC1B5E3424CF2308B</string>
			<key>buildSettings</key>
			<dict>
				<key>ASSETCATALOG_COMPILER_APPICON_NAME</key>
				<string>AppIcon</string>
				<key>ASSETCATALOG_COMPILER_LAUNCHIMAGE_NAME</key>
				<string>LaunchImage</string>
				<key>CLANG_WARN_DOCUMENTATION_COMMENTS</key>
				<string>NO</string>
				<key>DEVELOPMENT_TEAM</key>
				<string></string>
				<key>GCC_PRECOMPILE_PREFIX_HEADER</key>
				<string>YES</string>
				<key>GCC_PREFIX_HEADER</key>
				<string>TestTemplateProject/Sources/Global/PrefixHeader.pch</string>
				<key>GCC_WARN_ABOUT_DEPRECATED_FUNCTIONS</key>
				<string>NO</string>
				<key>HEADER_SEARCH_PATHS</key>
				<string></string>
				<key>INFOPLIST_FILE</key>
				<string>TestTemplateProject/Supporting Files/Info.plist</string>
				<key>LD_RUNPATH_SEARCH_PATHS</key>
				<string>$(inherited) @executable_path/Frameworks</string>
				<key>PRODUCT_BUNDLE_IDENTIFIER</key>
				<string>iOSStudio.TestTemplateProject</string>
				<key>PRODUCT_NAME</key>
				<string>$(TARGET_NAME)</string>
				<key>PROVISIONING_PROFILE_SPECIFIER</key>
				<string></string>
				<key>USER_HEADER_SEARCH_PATHS</key>
				<string></string>
			</dict>
			<key>isa</key>
			<string>XCBuildConfiguration</string>
			<key>name</key>
			<string>Debug</string>
		</dict>
		<key>330F7BD61ED3321F0009280A</key>
		<dict>
			<key>baseConfigurationReference</key>
			<string>8667C82644C5D48169DF56D2</string>
			<key>buildSettings</key>
			<dict>
				<key>ASSETCATALOG_COMPILER_APPICON_NAME</key>
				<string>AppIcon</string>
				<key>ASSETCATALOG_COMPILER_LAUNCHIMAGE_NAME</key>
				<string>LaunchImage</string>
				<key>CLANG_WARN_DOCUMENTATION_COMMENTS</key>
				<string>NO</string>
				<key>DEVELOPMENT_TEAM</key>
				<string></string>
				<key>GCC_PRECOMPILE_PREFIX_HEADER</key>
				<string>YES</string>
				<key>GCC_PREFIX_HEADER</key>
				<string>TestTemplateProject/Sources/Global/PrefixHeader.pch</string>
				<key>GCC_WARN_ABOUT_DEPRECATED_FUNCTIONS</key>
				<string>NO</string>
				<key>HEADER_SEARCH_PATHS</key>
				<string></string>
				<key>INFOPLIST_FILE</key>
				<string>TestTemplateProject/Supporting Files/Info.plist</string>
				<key>LD_RUNPATH_SEARCH_PATHS</key>
				<string>$(inherited) @executable_path/Frameworks</string>
				<key>PRODUCT_BUNDLE_IDENTIFIER</key>
				<string>iOSStudio.TestTemplateProject</string>
				<key>PRODUCT_NAME</key>
				<string>$(TARGET_NAME)</string>
				<key>PROVISIONING_PROFILE_SPECIFIER</key>
				<string></string>
				<key>USER_HEADER_SEARCH_PATHS</key>
				<string></string>
			</dict>
			<key>isa</key>
			<string>XCBuildConfiguration</string>
			<key>name</key>
			<string>Release</string>
		</dict>
		<key>330F7BD71ED333F00009280A</key>
		<dict>
			<key>children</key>
			<array>
				<string>330F7C011ED334380009280A</string>
			</array>
			<key>isa</key>
			<string>PBXGroup</string>
			<key>path</key>
			<string>Resources</string>
			<key>sourceTree</key>
			<string>&lt;group&gt;</string>
		</dict>
		<key>330F7BD81ED333F00009280A</key>
		<dict>
			<key>children</key>
			<array>
				<string>330F7BE21ED333F00009280A</string>
				<string>330F7BE01ED333F00009280A</string>
				<string>33144ED41EF05059006D27AC</string>
				<string>330F7BDB1ED333F00009280A</string>
				<string>B5FA68A31EF26F870077349C</string>
				<string>B5647F871EF8FAEC009CF536</string>
				<string>330F7BE11ED333F00009280A</string>
				<string>330F7BE31ED333F00009280A</string>
				<string>330F7BEE1ED333F00009280A</string>
				<string>330F7BD91ED333F00009280A</string>
				<string>330F7BDA1ED333F00009280A</string>
			</array>
			<key>isa</key>
			<string>PBXGroup</string>
			<key>path</key>
			<string>Sources</string>
			<key>sourceTree</key>
			<string>&lt;group&gt;</string>
		</dict>
		<key>330F7BD91ED333F00009280A</key>
		<dict>
			<key>fileEncoding</key>
			<string>4</string>
			<key>isa</key>
			<string>PBXFileReference</string>
			<key>lastKnownFileType</key>
			<string>sourcecode.c.h</string>
			<key>path</key>
			<string>AppDelegate.h</string>
			<key>sourceTree</key>
			<string>&lt;group&gt;</string>
		</dict>
		<key>330F7BDA1ED333F00009280A</key>
		<dict>
			<key>fileEncoding</key>
			<string>4</string>
			<key>isa</key>
			<string>PBXFileReference</string>
			<key>lastKnownFileType</key>
			<string>sourcecode.c.objc</string>
			<key>path</key>
			<string>AppDelegate.m</string>
			<key>sourceTree</key>
			<string>&lt;group&gt;</string>
		</dict>
		<key>330F7BDB1ED333F00009280A</key>
		<dict>
			<key>children</key>
			<array>
				<string>B5647F9B1EF90E7C009CF536</string>
				<string>B5647F9C1EF90E7C009CF536</string>
				<string>330F7C0A1ED349AB0009280A</string>
				<string>330F7C0B1ED349AB0009280A</string>
				<string>33144EF71EF05218006D27AC</string>
				<string>33144EF81EF05218006D27AC</string>
				<string>B5647FF21EF912EE009CF536</string>
				<string>B5647FF31EF912EE009CF536</string>
			</array>
			<key>isa</key>
			<string>PBXGroup</string>
			<key>path</key>
			<string>Category</string>
			<key>sourceTree</key>
			<string>&lt;group&gt;</string>
		</dict>
		<key>330F7BE01ED333F00009280A</key>
		<dict>
			<key>children</key>
			<array>
				<string>330F7ECC1ED352250009280A</string>
				<string>33144ED11EF04F1D006D27AC</string>
				<string>33144ED31EF04F1D006D27AC</string>
				<string>33144ED21EF04F1D006D27AC</string>
			</array>
			<key>isa</key>
			<string>PBXGroup</string>
			<key>path</key>
			<string>Global</string>
			<key>sourceTree</key>
			<string>&lt;group&gt;</string>
		</dict>
		<key>330F7BE11ED333F00009280A</key>
		<dict>
			<key>children</key>
			<array/>
			<key>isa</key>
			<string>PBXGroup</string>
			<key>path</key>
			<string>Network</string>
			<key>sourceTree</key>
			<string>&lt;group&gt;</string>
		</dict>
		<key>330F7BE21ED333F00009280A</key>
		<dict>
			<key>children</key>
			<array>
				<string>337EEC261EDC3F2C00EDC166</string>
				<string>B5647F941EF90B1F009CF536</string>
				<string>B5647F9E1EF90EC1009CF536</string>
			</array>
			<key>isa</key>
			<string>PBXGroup</string>
			<key>path</key>
			<string>Vendor</string>
			<key>sourceTree</key>
			<string>&lt;group&gt;</string>
		</dict>
		<key>330F7BE31ED333F00009280A</key>
		<dict>
			<key>children</key>
			<array/>
			<key>isa</key>
			<string>PBXGroup</string>
			<key>path</key>
			<string>View</string>
			<key>sourceTree</key>
			<string>&lt;group&gt;</string>
		</dict>
		<key>330F7BEE1ED333F00009280A</key>
		<dict>
			<key>children</key>
			<array>
				<string>B50394D51EEE71E00016FA97</string>
				<string>B50394D61EEE71E00016FA97</string>
				<string>B50394D71EEE71E00016FA97</string>
				<string>B50394DA1EEE71FB0016FA97</string>
				<string>B5633FDB1F6002DB00A72567</string>
			</array>
			<key>isa</key>
			<string>PBXGroup</string>
			<key>path</key>
			<string>ViewController</string>
			<key>sourceTree</key>
			<string>&lt;group&gt;</string>
		</dict>
		<key>330F7BF21ED333F00009280A</key>
		<dict>
			<key>children</key>
			<array>
				<string>330F7BF41ED333F00009280A</string>
				<string>330F7BF51ED333F00009280A</string>
			</array>
			<key>isa</key>
			<string>PBXGroup</string>
			<key>path</key>
			<string>Supporting Files</string>
			<key>sourceTree</key>
			<string>&lt;group&gt;</string>
		</dict>
		<key>330F7BF41ED333F00009280A</key>
		<dict>
			<key>fileEncoding</key>
			<string>4</string>
			<key>isa</key>
			<string>PBXFileReference</string>
			<key>lastKnownFileType</key>
			<string>text.plist.xml</string>
			<key>path</key>
			<string>Info.plist</string>
			<key>sourceTree</key>
			<string>&lt;group&gt;</string>
		</dict>
		<key>330F7BF51ED333F00009280A</key>
		<dict>
			<key>fileEncoding</key>
			<string>4</string>
			<key>isa</key>
			<string>PBXFileReference</string>
			<key>lastKnownFileType</key>
			<string>sourcecode.c.objc</string>
			<key>path</key>
			<string>main.m</string>
			<key>sourceTree</key>
			<string>&lt;group&gt;</string>
		</dict>
		<key>330F7BF61ED333F00009280A</key>
		<dict>
			<key>fileRef</key>
			<string>330F7BDA1ED333F00009280A</string>
			<key>isa</key>
			<string>PBXBuildFile</string>
		</dict>
		<key>330F7C001ED333F00009280A</key>
		<dict>
			<key>fileRef</key>
			<string>330F7BF51ED333F00009280A</string>
			<key>isa</key>
			<string>PBXBuildFile</string>
		</dict>
		<key>330F7C011ED334380009280A</key>
		<dict>
			<key>isa</key>
			<string>PBXFileReference</string>
			<key>lastKnownFileType</key>
			<string>folder.assetcatalog</string>
			<key>path</key>
			<string>Assets.xcassets</string>
			<key>sourceTree</key>
			<string>&lt;group&gt;</string>
		</dict>
		<key>330F7C021ED334380009280A</key>
		<dict>
			<key>fileRef</key>
			<string>330F7C011ED334380009280A</string>
			<key>isa</key>
			<string>PBXBuildFile</string>
		</dict>
		<key>330F7C0A1ED349AB0009280A</key>
		<dict>
			<key>fileEncoding</key>
			<string>4</string>
			<key>isa</key>
			<string>PBXFileReference</string>
			<key>lastKnownFileType</key>
			<string>sourcecode.c.h</string>
			<key>path</key>
			<string>UIView+Helper.h</string>
			<key>sourceTree</key>
			<string>&lt;group&gt;</string>
		</dict>
		<key>330F7C0B1ED349AB0009280A</key>
		<dict>
			<key>fileEncoding</key>
			<string>4</string>
			<key>isa</key>
			<string>PBXFileReference</string>
			<key>lastKnownFileType</key>
			<string>sourcecode.c.objc</string>
			<key>path</key>
			<string>UIView+Helper.m</string>
			<key>sourceTree</key>
			<string>&lt;group&gt;</string>
		</dict>
		<key>330F7C0D1ED349AB0009280A</key>
		<dict>
			<key>fileRef</key>
			<string>330F7C0B1ED349AB0009280A</string>
			<key>isa</key>
			<string>PBXBuildFile</string>
		</dict>
		<key>330F7ECC1ED352250009280A</key>
		<dict>
			<key>isa</key>
			<string>PBXFileReference</string>
			<key>lastKnownFileType</key>
			<string>sourcecode.c.h</string>
			<key>path</key>
			<string>PrefixHeader.pch</string>
			<key>sourceTree</key>
			<string>&lt;group&gt;</string>
		</dict>
		<key>33144ED11EF04F1D006D27AC</key>
		<dict>
			<key>fileEncoding</key>
			<string>4</string>
			<key>isa</key>
			<string>PBXFileReference</string>
			<key>lastKnownFileType</key>
			<string>sourcecode.c.h</string>
			<key>path</key>
			<string>commonConstDef.h</string>
			<key>sourceTree</key>
			<string>&lt;group&gt;</string>
		</dict>
		<key>33144ED21EF04F1D006D27AC</key>
		<dict>
			<key>fileEncoding</key>
			<string>4</string>
			<key>isa</key>
			<string>PBXFileReference</string>
			<key>lastKnownFileType</key>
			<string>sourcecode.c.h</string>
			<key>path</key>
			<string>macrodef.h</string>
			<key>sourceTree</key>
			<string>&lt;group&gt;</string>
		</dict>
		<key>33144ED31EF04F1D006D27AC</key>
		<dict>
			<key>fileEncoding</key>
			<string>4</string>
			<key>isa</key>
			<string>PBXFileReference</string>
			<key>lastKnownFileType</key>
			<string>sourcecode.c.h</string>
			<key>path</key>
			<string>typedef.h</string>
			<key>sourceTree</key>
			<string>&lt;group&gt;</string>
		</dict>
		<key>33144ED41EF05059006D27AC</key>
		<dict>
			<key>children</key>
			<array>
				<string>33144EEB1EF05059006D27AC</string>
				<string>33144EE91EF05059006D27AC</string>
				<string>33144EEA1EF05059006D27AC</string>
				<string>B5633FD81F6002C900A72567</string>
				<string>B5633FD91F6002C900A72567</string>
				<string>B5647FF51EF91BC7009CF536</string>
				<string>B5647FF61EF91BC7009CF536</string>
			</array>
			<key>isa</key>
			<string>PBXGroup</string>
			<key>path</key>
			<string>Utilities</string>
			<key>sourceTree</key>
			<string>&lt;group&gt;</string>
		</dict>
		<key>33144EE91EF05059006D27AC</key>
		<dict>
			<key>fileEncoding</key>
			<string>4</string>
			<key>isa</key>
			<string>PBXFileReference</string>
			<key>lastKnownFileType</key>
			<string>sourcecode.c.h</string>
			<key>path</key>
			<string>UIUtils.h</string>
			<key>sourceTree</key>
			<string>&lt;group&gt;</string>
		</dict>
		<key>33144EEA1EF05059006D27AC</key>
		<dict>
			<key>fileEncoding</key>
			<string>4</string>
			<key>isa</key>
			<string>PBXFileReference</string>
			<key>lastKnownFileType</key>
			<string>sourcecode.c.objc</string>
			<key>path</key>
			<string>UIUtils.m</string>
			<key>sourceTree</key>
			<string>&lt;group&gt;</string>
		</dict>
		<key>33144EEB1EF05059006D27AC</key>
		<dict>
			<key>fileEncoding</key>
			<string>4</string>
			<key>isa</key>
			<string>PBXFileReference</string>
			<key>lastKnownFileType</key>
			<string>sourcecode.c.h</string>
			<key>path</key>
			<string>Utility.h</string>
			<key>sourceTree</key>
			<string>&lt;group&gt;</string>
		</dict>
		<key>33144EF61EF05059006D27AC</key>
		<dict>
			<key>fileRef</key>
			<string>33144EEA1EF05059006D27AC</string>
			<key>isa</key>
			<string>PBXBuildFile</string>
		</dict>
		<key>33144EF71EF05218006D27AC</key>
		<dict>
			<key>fileEncoding</key>
			<string>4</string>
			<key>isa</key>
			<string>PBXFileReference</string>
			<key>lastKnownFileType</key>
			<string>sourcecode.c.h</string>
			<key>path</key>
			<string>NSString+Size.h</string>
			<key>sourceTree</key>
			<string>&lt;group&gt;</string>
		</dict>
		<key>33144EF81EF05218006D27AC</key>
		<dict>
			<key>fileEncoding</key>
			<string>4</string>
			<key>isa</key>
			<string>PBXFileReference</string>
			<key>lastKnownFileType</key>
			<string>sourcecode.c.objc</string>
			<key>path</key>
			<string>NSString+Size.m</string>
			<key>sourceTree</key>
			<string>&lt;group&gt;</string>
		</dict>
		<key>33144EF91EF05218006D27AC</key>
		<dict>
			<key>fileRef</key>
			<string>33144EF81EF05218006D27AC</string>
			<key>isa</key>
			<string>PBXBuildFile</string>
		</dict>
		<key>337EEC261EDC3F2C00EDC166</key>
		<dict>
			<key>children</key>
			<array>
				<string>337EEC271EDC3F2C00EDC166</string>
				<string>337EEC281EDC3F2C00EDC166</string>
			</array>
			<key>isa</key>
			<string>PBXGroup</string>
			<key>path</key>
			<string>DLIntrospection</string>
			<key>sourceTree</key>
			<string>&lt;group&gt;</string>
		</dict>
		<key>337EEC271EDC3F2C00EDC166</key>
		<dict>
			<key>fileEncoding</key>
			<string>4</string>
			<key>isa</key>
			<string>PBXFileReference</string>
			<key>lastKnownFileType</key>
			<string>sourcecode.c.h</string>
			<key>path</key>
			<string>NSObject+DLIntrospection.h</string>
			<key>sourceTree</key>
			<string>&lt;group&gt;</string>
		</dict>
		<key>337EEC281EDC3F2C00EDC166</key>
		<dict>
			<key>fileEncoding</key>
			<string>4</string>
			<key>isa</key>
			<string>PBXFileReference</string>
			<key>lastKnownFileType</key>
			<string>sourcecode.c.objc</string>
			<key>path</key>
			<string>NSObject+DLIntrospection.m</string>
			<key>sourceTree</key>
			<string>&lt;group&gt;</string>
		</dict>
		<key>337EEC291EDC3F2C00EDC166</key>
		<dict>
			<key>fileRef</key>
			<string>337EEC281EDC3F2C00EDC166</string>
			<key>isa</key>
			<string>PBXBuildFile</string>
		</dict>
		<key>5C6D28EEC1B5E3424CF2308B</key>
		<dict>
			<key>includeInIndex</key>
			<string>1</string>
			<key>isa</key>
			<string>PBXFileReference</string>
			<key>lastKnownFileType</key>
			<string>text.xcconfig</string>
			<key>name</key>
			<string>Pods-TestTemplateProject.debug.xcconfig</string>
			<key>path</key>
			<string>Pods/Target Support Files/Pods-TestTemplateProject/Pods-TestTemplateProject.debug.xcconfig</string>
			<key>sourceTree</key>
			<string>&lt;group&gt;</string>
		</dict>
		<key>7B8C9382664DA89AC4C34223</key>
		<dict>
			<key>children</key>
			<array>
				<string>5C6D28EEC1B5E3424CF2308B</string>
				<string>8667C82644C5D48169DF56D2</string>
			</array>
			<key>isa</key>
			<string>PBXGroup</string>
			<key>name</key>
			<string>Pods</string>
			<key>sourceTree</key>
			<string>&lt;group&gt;</string>
		</dict>
		<key>8667C82644C5D48169DF56D2</key>
		<dict>
			<key>includeInIndex</key>
			<string>1</string>
			<key>isa</key>
			<string>PBXFileReference</string>
			<key>lastKnownFileType</key>
			<string>text.xcconfig</string>
			<key>name</key>
			<string>Pods-TestTemplateProject.release.xcconfig</string>
			<key>path</key>
			<string>Pods/Target Support Files/Pods-TestTemplateProject/Pods-TestTemplateProject.release.xcconfig</string>
			<key>sourceTree</key>
			<string>&lt;group&gt;</string>
		</dict>
		<key>B50394D51EEE71E00016FA97</key>
		<dict>
			<key>fileEncoding</key>
			<string>4</string>
			<key>isa</key>
			<string>PBXFileReference</string>
			<key>lastKnownFileType</key>
			<string>sourcecode.c.h</string>
			<key>path</key>
			<string>HomePageVC.h</string>
			<key>sourceTree</key>
			<string>&lt;group&gt;</string>
		</dict>
		<key>B50394D61EEE71E00016FA97</key>
		<dict>
			<key>fileEncoding</key>
			<string>4</string>
			<key>isa</key>
			<string>PBXFileReference</string>
			<key>lastKnownFileType</key>
			<string>sourcecode.c.objc</string>
			<key>path</key>
			<string>HomePageVC.m</string>
			<key>sourceTree</key>
			<string>&lt;group&gt;</string>
		</dict>
		<key>B50394D71EEE71E00016FA97</key>
		<dict>
			<key>fileEncoding</key>
			<string>4</string>
			<key>isa</key>
			<string>PBXFileReference</string>
			<key>lastKnownFileType</key>
			<string>file.xib</string>
			<key>path</key>
			<string>HomePageVC.xib</string>
			<key>sourceTree</key>
			<string>&lt;group&gt;</string>
		</dict>
		<key>B50394D81EEE71E00016FA97</key>
		<dict>
			<key>fileRef</key>
			<string>B50394D61EEE71E00016FA97</string>
			<key>isa</key>
			<string>PBXBuildFile</string>
		</dict>
		<key>B50394D91EEE71E00016FA97</key>
		<dict>
			<key>fileRef</key>
			<string>B50394D71EEE71E00016FA97</string>
			<key>isa</key>
			<string>PBXBuildFile</string>
		</dict>
		<key>B50394DA1EEE71FB0016FA97</key>
		<dict>
			<key>children</key>
			<array>
				<string>B50394DB1EEE71FB0016FA97</string>
				<string>B50394DC1EEE71FB0016FA97</string>
				<string>B50394DD1EEE71FB0016FA97</string>
			</array>
			<key>isa</key>
			<string>PBXGroup</string>
			<key>path</key>
			<string>Playground</string>
			<key>sourceTree</key>
			<string>&lt;group&gt;</string>
		</dict>
		<key>B50394DB1EEE71FB0016FA97</key>
		<dict>
			<key>fileEncoding</key>
			<string>4</string>
			<key>isa</key>
			<string>PBXFileReference</string>
			<key>lastKnownFileType</key>
			<string>sourcecode.c.h</string>
			<key>path</key>
			<string>PlaygroundVC.h</string>
			<key>sourceTree</key>
			<string>&lt;group&gt;</string>
		</dict>
		<key>B50394DC1EEE71FB0016FA97</key>
		<dict>
			<key>fileEncoding</key>
			<string>4</string>
			<key>isa</key>
			<string>PBXFileReference</string>
			<key>lastKnownFileType</key>
			<string>sourcecode.c.objc</string>
			<key>path</key>
			<string>PlaygroundVC.m</string>
			<key>sourceTree</key>
			<string>&lt;group&gt;</string>
		</dict>
		<key>B50394DD1EEE71FB0016FA97</key>
		<dict>
			<key>fileEncoding</key>
			<string>4</string>
			<key>isa</key>
			<string>PBXFileReference</string>
			<key>lastKnownFileType</key>
			<string>file.xib</string>
			<key>path</key>
			<string>PlaygroundVC.xib</string>
			<key>sourceTree</key>
			<string>&lt;group&gt;</string>
		</dict>
		<key>B50394DE1EEE71FB0016FA97</key>
		<dict>
			<key>fileRef</key>
			<string>B50394DC1EEE71FB0016FA97</string>
			<key>isa</key>
			<string>PBXBuildFile</string>
		</dict>
		<key>B50394DF1EEE71FB0016FA97</key>
		<dict>
			<key>fileRef</key>
			<string>B50394DD1EEE71FB0016FA97</string>
			<key>isa</key>
			<string>PBXBuildFile</string>
		</dict>
		<key>B507113A1F0E4A39008EC4AE</key>
		<dict>
			<key>children</key>
			<array>
				<string>B507113B1F0E4A39008EC4AE</string>
				<string>B507113C1F0E4A39008EC4AE</string>
			</array>
			<key>isa</key>
			<string>PBXGroup</string>
			<key>path</key>
			<string>BaseWindowRootVC</string>
			<key>sourceTree</key>
			<string>&lt;group&gt;</string>
		</dict>
		<key>B507113B1F0E4A39008EC4AE</key>
		<dict>
			<key>fileEncoding</key>
			<string>4</string>
			<key>isa</key>
			<string>PBXFileReference</string>
			<key>lastKnownFileType</key>
			<string>sourcecode.c.h</string>
			<key>path</key>
			<string>BaseWindowRootVC.h</string>
			<key>sourceTree</key>
			<string>&lt;group&gt;</string>
		</dict>
		<key>B507113C1F0E4A39008EC4AE</key>
		<dict>
			<key>fileEncoding</key>
			<string>4</string>
			<key>isa</key>
			<string>PBXFileReference</string>
			<key>lastKnownFileType</key>
			<string>sourcecode.c.objc</string>
			<key>path</key>
			<string>BaseWindowRootVC.m</string>
			<key>sourceTree</key>
			<string>&lt;group&gt;</string>
		</dict>
		<key>B507113D1F0E4A39008EC4AE</key>
		<dict>
			<key>fileRef</key>
			<string>B507113C1F0E4A39008EC4AE</string>
			<key>isa</key>
			<string>PBXBuildFile</string>
		</dict>
		<key>B507113E1F0E4A4A008EC4AE</key>
		<dict>
			<key>children</key>
			<array>
				<string>B50711491F0E4A4A008EC4AE</string>
				<string>B507114A1F0E4A4A008EC4AE</string>
				<string>B507114B1F0E4A4A008EC4AE</string>
				<string>B507114C1F0E4A4A008EC4AE</string>
				<string>B507113F1F0E4A4A008EC4AE</string>
				<string>B50711531F0E4AB3008EC4AE</string>
			</array>
			<key>isa</key>
			<string>PBXGroup</string>
			<key>path</key>
			<string>BNPopoverWindow</string>
			<key>sourceTree</key>
			<string>&lt;group&gt;</string>
		</dict>
		<key>B507113F1F0E4A4A008EC4AE</key>
		<dict>
			<key>fileEncoding</key>
			<string>4</string>
			<key>isa</key>
			<string>PBXFileReference</string>
			<key>lastKnownFileType</key>
			<string>sourcecode.c.h</string>
			<key>path</key>
			<string>BNPopoverCommon.h</string>
			<key>sourceTree</key>
			<string>&lt;group&gt;</string>
		</dict>
		<key>B50711491F0E4A4A008EC4AE</key>
		<dict>
			<key>fileEncoding</key>
			<string>4</string>
			<key>isa</key>
			<string>PBXFileReference</string>
			<key>lastKnownFileType</key>
			<string>sourcecode.c.h</string>
			<key>path</key>
			<string>BNPopoverWindow.h</string>
			<key>sourceTree</key>
			<string>&lt;group&gt;</string>
		</dict>
		<key>B507114A1F0E4A4A008EC4AE</key>
		<dict>
			<key>fileEncoding</key>
			<string>4</string>
			<key>isa</key>
			<string>PBXFileReference</string>
			<key>lastKnownFileType</key>
			<string>sourcecode.c.objc</string>
			<key>path</key>
			<string>BNPopoverWindow.m</string>
			<key>sourceTree</key>
			<string>&lt;group&gt;</string>
		</dict>
		<key>B507114B1F0E4A4A008EC4AE</key>
		<dict>
			<key>fileEncoding</key>
			<string>4</string>
			<key>isa</key>
			<string>PBXFileReference</string>
			<key>lastKnownFileType</key>
			<string>sourcecode.c.h</string>
			<key>path</key>
			<string>BNPopoverWindowRootVC.h</string>
			<key>sourceTree</key>
			<string>&lt;group&gt;</string>
		</dict>
		<key>B507114C1F0E4A4A008EC4AE</key>
		<dict>
			<key>fileEncoding</key>
			<string>4</string>
			<key>isa</key>
			<string>PBXFileReference</string>
			<key>lastKnownFileType</key>
			<string>sourcecode.c.objc</string>
			<key>path</key>
			<string>BNPopoverWindowRootVC.m</string>
			<key>sourceTree</key>
			<string>&lt;group&gt;</string>
		</dict>
		<key>B50711511F0E4A4A008EC4AE</key>
		<dict>
			<key>fileRef</key>
			<string>B507114A1F0E4A4A008EC4AE</string>
			<key>isa</key>
			<string>PBXBuildFile</string>
		</dict>
		<key>B50711521F0E4A4A008EC4AE</key>
		<dict>
			<key>fileRef</key>
			<string>B507114C1F0E4A4A008EC4AE</string>
			<key>isa</key>
			<string>PBXBuildFile</string>
		</dict>
		<key>B50711531F0E4AB3008EC4AE</key>
		<dict>
			<key>children</key>
			<array>
				<string>B50711541F0E4AB3008EC4AE</string>
				<string>B50711551F0E4AB3008EC4AE</string>
				<string>B50711561F0E4AB3008EC4AE</string>
				<string>B50711571F0E4AB3008EC4AE</string>
				<string>B507115A1F0E4AB3008EC4AE</string>
				<string>B507115B1F0E4AB3008EC4AE</string>
				<string>B50711581F0E4AB3008EC4AE</string>
				<string>B50711591F0E4AB3008EC4AE</string>
			</array>
			<key>isa</key>
			<string>PBXGroup</string>
			<key>path</key>
			<string>BNPopoverLayoutStrategy</string>
			<key>sourceTree</key>
			<string>&lt;group&gt;</string>
		</dict>
		<key>B50711541F0E4AB3008EC4AE</key>
		<dict>
			<key>fileEncoding</key>
			<string>4</string>
			<key>isa</key>
			<string>PBXFileReference</string>
			<key>lastKnownFileType</key>
			<string>sourcecode.c.h</string>
			<key>path</key>
			<string>BNPopoverBaseLayout.h</string>
			<key>sourceTree</key>
			<string>&lt;group&gt;</string>
		</dict>
		<key>B50711551F0E4AB3008EC4AE</key>
		<dict>
			<key>fileEncoding</key>
			<string>4</string>
			<key>isa</key>
			<string>PBXFileReference</string>
			<key>lastKnownFileType</key>
			<string>sourcecode.c.objc</string>
			<key>path</key>
			<string>BNPopoverBaseLayout.m</string>
			<key>sourceTree</key>
			<string>&lt;group&gt;</string>
		</dict>
		<key>B50711561F0E4AB3008EC4AE</key>
		<dict>
			<key>fileEncoding</key>
			<string>4</string>
			<key>isa</key>
			<string>PBXFileReference</string>
			<key>lastKnownFileType</key>
			<string>sourcecode.c.h</string>
			<key>path</key>
			<string>BNPopoverBottomLayout.h</string>
			<key>sourceTree</key>
			<string>&lt;group&gt;</string>
		</dict>
		<key>B50711571F0E4AB3008EC4AE</key>
		<dict>
			<key>fileEncoding</key>
			<string>4</string>
			<key>isa</key>
			<string>PBXFileReference</string>
			<key>lastKnownFileType</key>
			<string>sourcecode.c.objc</string>
			<key>path</key>
			<string>BNPopoverBottomLayout.m</string>
			<key>sourceTree</key>
			<string>&lt;group&gt;</string>
		</dict>
		<key>B50711581F0E4AB3008EC4AE</key>
		<dict>
			<key>fileEncoding</key>
			<string>4</string>
			<key>isa</key>
			<string>PBXFileReference</string>
			<key>lastKnownFileType</key>
			<string>sourcecode.c.h</string>
			<key>path</key>
			<string>BNPopoverCustomLayout.h</string>
			<key>sourceTree</key>
			<string>&lt;group&gt;</string>
		</dict>
		<key>B50711591F0E4AB3008EC4AE</key>
		<dict>
			<key>fileEncoding</key>
			<string>4</string>
			<key>isa</key>
			<string>PBXFileReference</string>
			<key>lastKnownFileType</key>
			<string>sourcecode.c.objc</string>
			<key>path</key>
			<string>BNPopoverCustomLayout.m</string>
			<key>sourceTree</key>
			<string>&lt;group&gt;</string>
		</dict>
		<key>B507115A1F0E4AB3008EC4AE</key>
		<dict>
			<key>fileEncoding</key>
			<string>4</string>
			<key>isa</key>
			<string>PBXFileReference</string>
			<key>lastKnownFileType</key>
			<string>sourcecode.c.h</string>
			<key>path</key>
			<string>BNPopoverCenterLayout.h</string>
			<key>sourceTree</key>
			<string>&lt;group&gt;</string>
		</dict>
		<key>B507115B1F0E4AB3008EC4AE</key>
		<dict>
			<key>fileEncoding</key>
			<string>4</string>
			<key>isa</key>
			<string>PBXFileReference</string>
			<key>lastKnownFileType</key>
			<string>sourcecode.c.objc</string>
			<key>path</key>
			<string>BNPopoverCenterLayout.m</string>
			<key>sourceTree</key>
			<string>&lt;group&gt;</string>
		</dict>
		<key>B507115C1F0E4AB3008EC4AE</key>
		<dict>
			<key>fileRef</key>
			<string>B50711551F0E4AB3008EC4AE</string>
			<key>isa</key>
			<string>PBXBuildFile</string>
		</dict>
		<key>B507115D1F0E4AB3008EC4AE</key>
		<dict>
			<key>fileRef</key>
			<string>B50711571F0E4AB3008EC4AE</string>
			<key>isa</key>
			<string>PBXBuildFile</string>
		</dict>
		<key>B507115E1F0E4AB3008EC4AE</key>
		<dict>
			<key>fileRef</key>
			<string>B50711591F0E4AB3008EC4AE</string>
			<key>isa</key>
			<string>PBXBuildFile</string>
		</dict>
		<key>B507115F1F0E4AB3008EC4AE</key>
		<dict>
			<key>fileRef</key>
			<string>B507115B1F0E4AB3008EC4AE</string>
			<key>isa</key>
			<string>PBXBuildFile</string>
		</dict>
		<key>B5633FD81F6002C900A72567</key>
		<dict>
			<key>fileEncoding</key>
			<string>4</string>
			<key>isa</key>
			<string>PBXFileReference</string>
			<key>lastKnownFileType</key>
			<string>sourcecode.c.h</string>
			<key>path</key>
			<string>JSONUtils.h</string>
			<key>sourceTree</key>
			<string>&lt;group&gt;</string>
		</dict>
		<key>B5633FD91F6002C900A72567</key>
		<dict>
			<key>fileEncoding</key>
			<string>4</string>
			<key>isa</key>
			<string>PBXFileReference</string>
			<key>lastKnownFileType</key>
			<string>sourcecode.c.objc</string>
			<key>path</key>
			<string>JSONUtils.m</string>
			<key>sourceTree</key>
			<string>&lt;group&gt;</string>
		</dict>
		<key>B5633FDA1F6002C900A72567</key>
		<dict>
			<key>fileRef</key>
			<string>B5633FD91F6002C900A72567</string>
			<key>isa</key>
			<string>PBXBuildFile</string>
		</dict>
		<key>B5633FDB1F6002DB00A72567</key>
		<dict>
			<key>children</key>
			<array>
				<string>B5633FEA1F6002DB00A72567</string>
				<string>B5633FEB1F6002DB00A72567</string>
				<string>B5633FEC1F6002DB00A72567</string>
				<string>B5633FDC1F6002DB00A72567</string>
				<string>B5633FED1F6002DB00A72567</string>
				<string>B5633FFB1F6002DB00A72567</string>
				<string>B563400A1F6002DB00A72567</string>
			</array>
			<key>isa</key>
			<string>PBXGroup</string>
			<key>path</key>
			<string>JSONToModel</string>
			<key>sourceTree</key>
			<string>&lt;group&gt;</string>
		</dict>
		<key>B5633FDC1F6002DB00A72567</key>
		<dict>
			<key>children</key>
			<array>
				<string>B5633FDD1F6002DB00A72567</string>
				<string>B5633FDE1F6002DB00A72567</string>
				<string>B5633FDF1F6002DB00A72567</string>
				<string>B5633FE01F6002DB00A72567</string>
				<string>B5633FE31F6002DB00A72567</string>
			</array>
			<key>isa</key>
			<string>PBXGroup</string>
			<key>path</key>
			<string>JSONModelUsageVC</string>
			<key>sourceTree</key>
			<string>&lt;group&gt;</string>
		</dict>
		<key>B5633FDD1F6002DB00A72567</key>
		<dict>
			<key>fileEncoding</key>
			<string>4</string>
			<key>isa</key>
			<string>PBXFileReference</string>
			<key>lastKnownFileType</key>
			<string>sourcecode.c.h</string>
			<key>path</key>
			<string>JSONModelUsageVC.h</string>
			<key>sourceTree</key>
			<string>&lt;group&gt;</string>
		</dict>
		<key>B5633FDE1F6002DB00A72567</key>
		<dict>
			<key>fileEncoding</key>
			<string>4</string>
			<key>isa</key>
			<string>PBXFileReference</string>
			<key>lastKnownFileType</key>
			<string>sourcecode.c.objc</string>
			<key>path</key>
			<string>JSONModelUsageVC.m</string>
			<key>sourceTree</key>
			<string>&lt;group&gt;</string>
		</dict>
		<key>B5633FDF1F6002DB00A72567</key>
		<dict>
			<key>fileEncoding</key>
			<string>4</string>
			<key>isa</key>
			<string>PBXFileReference</string>
			<key>lastKnownFileType</key>
			<string>file.xib</string>
			<key>path</key>
			<string>JSONModelUsageVC.xib</string>
			<key>sourceTree</key>
			<string>&lt;group&gt;</string>
		</dict>
		<key>B5633FE01F6002DB00A72567</key>
		<dict>
			<key>children</key>
			<array>
				<string>B5633FE11F6002DB00A72567</string>
				<string>B5633FE21F6002DB00A72567</string>
			</array>
			<key>isa</key>
			<string>PBXGroup</string>
			<key>path</key>
			<string>Models</string>
			<key>sourceTree</key>
			<string>&lt;group&gt;</string>
		</dict>
		<key>B5633FE11F6002DB00A72567</key>
		<dict>
			<key>fileEncoding</key>
			<string>4</string>
			<key>isa</key>
			<string>PBXFileReference</string>
			<key>lastKnownFileType</key>
			<string>sourcecode.c.h</string>
			<key>path</key>
			<string>ModelForJSONModel.h</string>
			<key>sourceTree</key>
			<string>&lt;group&gt;</string>
		</dict>
		<key>B5633FE21F6002DB00A72567</key>
		<dict>
			<key>fileEncoding</key>
			<string>4</string>
			<key>isa</key>
			<string>PBXFileReference</string>
			<key>lastKnownFileType</key>
			<string>sourcecode.c.objc</string>
			<key>path</key>
			<string>ModelForJSONModel.m</string>
			<key>sourceTree</key>
			<string>&lt;group&gt;</string>
		</dict>
		<key>B5633FE31F6002DB00A72567</key>
		<dict>
			<key>children</key>
			<array>
				<string>B5633FE41F6002DB00A72567</string>
				<string>B5633FE51F6002DB00A72567</string>
				<string>B5633FE61F6002DB00A72567</string>
				<string>B5633FE71F6002DB00A72567</string>
				<string>B5633FE81F6002DB00A72567</string>
				<string>B5633FE91F6002DB00A72567</string>
			</array>
			<key>isa</key>
			<string>PBXGroup</string>
			<key>path</key>
			<string>Resources</string>
			<key>sourceTree</key>
			<string>&lt;group&gt;</string>
		</dict>
		<key>B5633FE41F6002DB00A72567</key>
		<dict>
			<key>fileEncoding</key>
			<string>4</string>
			<key>isa</key>
			<string>PBXFileReference</string>
			<key>lastKnownFileType</key>
			<string>text.json</string>
			<key>path</key>
			<string>JSONModelExceptionOneTest.json</string>
			<key>sourceTree</key>
			<string>&lt;group&gt;</string>
		</dict>
		<key>B5633FE51F6002DB00A72567</key>
		<dict>
			<key>fileEncoding</key>
			<string>4</string>
			<key>isa</key>
			<string>PBXFileReference</string>
			<key>lastKnownFileType</key>
			<string>text.json</string>
			<key>path</key>
			<string>JSONModelExceptionThreeTest.json</string>
			<key>sourceTree</key>
			<string>&lt;group&gt;</string>
		</dict>
		<key>B5633FE61F6002DB00A72567</key>
		<dict>
			<key>fileEncoding</key>
			<string>4</string>
			<key>isa</key>
			<string>PBXFileReference</string>
			<key>lastKnownFileType</key>
			<string>text.json</string>
			<key>path</key>
			<string>JSONModelExceptionTwoTest.json</string>
			<key>sourceTree</key>
			<string>&lt;group&gt;</string>
		</dict>
		<key>B5633FE71F6002DB00A72567</key>
		<dict>
			<key>fileEncoding</key>
			<string>4</string>
			<key>isa</key>
			<string>PBXFileReference</string>
			<key>lastKnownFileType</key>
			<string>text.json</string>
			<key>path</key>
			<string>JSONModelSubClassOneTest.json</string>
			<key>sourceTree</key>
			<string>&lt;group&gt;</string>
		</dict>
		<key>B5633FE81F6002DB00A72567</key>
		<dict>
			<key>fileEncoding</key>
			<string>4</string>
			<key>isa</key>
			<string>PBXFileReference</string>
			<key>lastKnownFileType</key>
			<string>text.json</string>
			<key>path</key>
			<string>JSONModelSubClassTwoTest.json</string>
			<key>sourceTree</key>
			<string>&lt;group&gt;</string>
		</dict>
		<key>B5633FE91F6002DB00A72567</key>
		<dict>
			<key>fileEncoding</key>
			<string>4</string>
			<key>isa</key>
			<string>PBXFileReference</string>
			<key>lastKnownFileType</key>
			<string>text.json</string>
			<key>path</key>
			<string>JSONModelTest.json</string>
			<key>sourceTree</key>
			<string>&lt;group&gt;</string>
		</dict>
		<key>B5633FEA1F6002DB00A72567</key>
		<dict>
			<key>fileEncoding</key>
			<string>4</string>
			<key>isa</key>
			<string>PBXFileReference</string>
			<key>lastKnownFileType</key>
			<string>sourcecode.c.h</string>
			<key>path</key>
			<string>JSONToModelVC.h</string>
			<key>sourceTree</key>
			<string>&lt;group&gt;</string>
		</dict>
		<key>B5633FEB1F6002DB00A72567</key>
		<dict>
			<key>fileEncoding</key>
			<string>4</string>
			<key>isa</key>
			<string>PBXFileReference</string>
			<key>lastKnownFileType</key>
			<string>sourcecode.c.objc</string>
			<key>path</key>
			<string>JSONToModelVC.m</string>
			<key>sourceTree</key>
			<string>&lt;group&gt;</string>
		</dict>
		<key>B5633FEC1F6002DB00A72567</key>
		<dict>
			<key>fileEncoding</key>
			<string>4</string>
			<key>isa</key>
			<string>PBXFileReference</string>
			<key>lastKnownFileType</key>
			<string>file.xib</string>
			<key>path</key>
			<string>JSONToModelVC.xib</string>
			<key>sourceTree</key>
			<string>&lt;group&gt;</string>
		</dict>
		<key>B5633FED1F6002DB00A72567</key>
		<dict>
			<key>children</key>
			<array>
				<string>B5633FEE1F6002DB00A72567</string>
				<string>B5633FEF1F6002DB00A72567</string>
				<string>B5633FF01F6002DB00A72567</string>
				<string>B5633FF11F6002DB00A72567</string>
				<string>B5633FF41F6002DB00A72567</string>
			</array>
			<key>isa</key>
			<string>PBXGroup</string>
			<key>path</key>
			<string>MantleUsageVC</string>
			<key>sourceTree</key>
			<string>&lt;group&gt;</string>
		</dict>
		<key>B5633FEE1F6002DB00A72567</key>
		<dict>
			<key>fileEncoding</key>
			<string>4</string>
			<key>isa</key>
			<string>PBXFileReference</string>
			<key>lastKnownFileType</key>
			<string>sourcecode.c.h</string>
			<key>path</key>
			<string>MantleUsageVC.h</string>
			<key>sourceTree</key>
			<string>&lt;group&gt;</string>
		</dict>
		<key>B5633FEF1F6002DB00A72567</key>
		<dict>
			<key>fileEncoding</key>
			<string>4</string>
			<key>isa</key>
			<string>PBXFileReference</string>
			<key>lastKnownFileType</key>
			<string>sourcecode.c.objc</string>
			<key>path</key>
			<string>MantleUsageVC.m</string>
			<key>sourceTree</key>
			<string>&lt;group&gt;</string>
		</dict>
		<key>B5633FF01F6002DB00A72567</key>
		<dict>
			<key>fileEncoding</key>
			<string>4</string>
			<key>isa</key>
			<string>PBXFileReference</string>
			<key>lastKnownFileType</key>
			<string>file.xib</string>
			<key>path</key>
			<string>MantleUsageVC.xib</string>
			<key>sourceTree</key>
			<string>&lt;group&gt;</string>
		</dict>
		<key>B5633FF11F6002DB00A72567</key>
		<dict>
			<key>children</key>
			<array>
				<string>B5633FF21F6002DB00A72567</string>
				<string>B5633FF31F6002DB00A72567</string>
			</array>
			<key>isa</key>
			<string>PBXGroup</string>
			<key>path</key>
			<string>Models</string>
			<key>sourceTree</key>
			<string>&lt;group&gt;</string>
		</dict>
		<key>B5633FF21F6002DB00A72567</key>
		<dict>
			<key>fileEncoding</key>
			<string>4</string>
			<key>isa</key>
			<string>PBXFileReference</string>
			<key>lastKnownFileType</key>
			<string>sourcecode.c.h</string>
			<key>path</key>
			<string>ModelForMantle.h</string>
			<key>sourceTree</key>
			<string>&lt;group&gt;</string>
		</dict>
		<key>B5633FF31F6002DB00A72567</key>
		<dict>
			<key>fileEncoding</key>
			<string>4</string>
			<key>isa</key>
			<string>PBXFileReference</string>
			<key>lastKnownFileType</key>
			<string>sourcecode.c.objc</string>
			<key>path</key>
			<string>ModelForMantle.m</string>
			<key>sourceTree</key>
			<string>&lt;group&gt;</string>
		</dict>
		<key>B5633FF41F6002DB00A72567</key>
		<dict>
			<key>children</key>
			<array>
				<string>B5633FF51F6002DB00A72567</string>
				<string>B5633FF61F6002DB00A72567</string>
				<string>B5633FF71F6002DB00A72567</string>
				<string>B5633FF81F6002DB00A72567</string>
				<string>B5633FF91F6002DB00A72567</string>
				<string>B5633FFA1F6002DB00A72567</string>
			</array>
			<key>isa</key>
			<string>PBXGroup</string>
			<key>path</key>
			<string>Resources</string>
			<key>sourceTree</key>
			<string>&lt;group&gt;</string>
		</dict>
		<key>B5633FF51F6002DB00A72567</key>
		<dict>
			<key>fileEncoding</key>
			<string>4</string>
			<key>isa</key>
			<string>PBXFileReference</string>
			<key>lastKnownFileType</key>
			<string>text.json</string>
			<key>path</key>
			<string>MantleExceptionOneTest.json</string>
			<key>sourceTree</key>
			<string>&lt;group&gt;</string>
		</dict>
		<key>B5633FF61F6002DB00A72567</key>
		<dict>
			<key>fileEncoding</key>
			<string>4</string>
			<key>isa</key>
			<string>PBXFileReference</string>
			<key>lastKnownFileType</key>
			<string>text.json</string>
			<key>path</key>
			<string>MantleExceptionThreeTest.json</string>
			<key>sourceTree</key>
			<string>&lt;group&gt;</string>
		</dict>
		<key>B5633FF71F6002DB00A72567</key>
		<dict>
			<key>fileEncoding</key>
			<string>4</string>
			<key>isa</key>
			<string>PBXFileReference</string>
			<key>lastKnownFileType</key>
			<string>text.json</string>
			<key>path</key>
			<string>MantleExceptionTwoTest.json</string>
			<key>sourceTree</key>
			<string>&lt;group&gt;</string>
		</dict>
		<key>B5633FF81F6002DB00A72567</key>
		<dict>
			<key>fileEncoding</key>
			<string>4</string>
			<key>isa</key>
			<string>PBXFileReference</string>
			<key>lastKnownFileType</key>
			<string>text.json</string>
			<key>path</key>
			<string>MantleSubClassOneTest.json</string>
			<key>sourceTree</key>
			<string>&lt;group&gt;</string>
		</dict>
		<key>B5633FF91F6002DB00A72567</key>
		<dict>
			<key>fileEncoding</key>
			<string>4</string>
			<key>isa</key>
			<string>PBXFileReference</string>
			<key>lastKnownFileType</key>
			<string>text.json</string>
			<key>path</key>
			<string>MantleSubClassTwoTest.json</string>
			<key>sourceTree</key>
			<string>&lt;group&gt;</string>
		</dict>
		<key>B5633FFA1F6002DB00A72567</key>
		<dict>
			<key>fileEncoding</key>
			<string>4</string>
			<key>isa</key>
			<string>PBXFileReference</string>
			<key>lastKnownFileType</key>
			<string>text.json</string>
			<key>path</key>
			<string>MantleTest.json</string>
			<key>sourceTree</key>
			<string>&lt;group&gt;</string>
		</dict>
		<key>B5633FFB1F6002DB00A72567</key>
		<dict>
			<key>children</key>
			<array>
				<string>B5633FFC1F6002DB00A72567</string>
				<string>B5633FFD1F6002DB00A72567</string>
				<string>B5633FFE1F6002DB00A72567</string>
				<string>B5633FFF1F6002DB00A72567</string>
				<string>B56340021F6002DB00A72567</string>
			</array>
			<key>isa</key>
			<string>PBXGroup</string>
			<key>path</key>
			<string>MJExtensionUsageVC</string>
			<key>sourceTree</key>
			<string>&lt;group&gt;</string>
		</dict>
		<key>B5633FFC1F6002DB00A72567</key>
		<dict>
			<key>fileEncoding</key>
			<string>4</string>
			<key>isa</key>
			<string>PBXFileReference</string>
			<key>lastKnownFileType</key>
			<string>sourcecode.c.h</string>
			<key>path</key>
			<string>MJExtensionUsageVC.h</string>
			<key>sourceTree</key>
			<string>&lt;group&gt;</string>
		</dict>
		<key>B5633FFD1F6002DB00A72567</key>
		<dict>
			<key>fileEncoding</key>
			<string>4</string>
			<key>isa</key>
			<string>PBXFileReference</string>
			<key>lastKnownFileType</key>
			<string>sourcecode.c.objc</string>
			<key>path</key>
			<string>MJExtensionUsageVC.m</string>
			<key>sourceTree</key>
			<string>&lt;group&gt;</string>
		</dict>
		<key>B5633FFE1F6002DB00A72567</key>
		<dict>
			<key>fileEncoding</key>
			<string>4</string>
			<key>isa</key>
			<string>PBXFileReference</string>
			<key>lastKnownFileType</key>
			<string>file.xib</string>
			<key>path</key>
			<string>MJExtensionUsageVC.xib</string>
			<key>sourceTree</key>
			<string>&lt;group&gt;</string>
		</dict>
		<key>B5633FFF1F6002DB00A72567</key>
		<dict>
			<key>children</key>
			<array>
				<string>B56340001F6002DB00A72567</string>
				<string>B56340011F6002DB00A72567</string>
			</array>
			<key>isa</key>
			<string>PBXGroup</string>
			<key>path</key>
			<string>Models</string>
			<key>sourceTree</key>
			<string>&lt;group&gt;</string>
		</dict>
		<key>B56340001F6002DB00A72567</key>
		<dict>
			<key>fileEncoding</key>
			<string>4</string>
			<key>isa</key>
			<string>PBXFileReference</string>
			<key>lastKnownFileType</key>
			<string>sourcecode.c.h</string>
			<key>path</key>
			<string>ModelForMJExtension.h</string>
			<key>sourceTree</key>
			<string>&lt;group&gt;</string>
		</dict>
		<key>B56340011F6002DB00A72567</key>
		<dict>
			<key>fileEncoding</key>
			<string>4</string>
			<key>isa</key>
			<string>PBXFileReference</string>
			<key>lastKnownFileType</key>
			<string>sourcecode.c.objc</string>
			<key>path</key>
			<string>ModelForMJExtension.m</string>
			<key>sourceTree</key>
			<string>&lt;group&gt;</string>
		</dict>
		<key>B56340021F6002DB00A72567</key>
		<dict>
			<key>children</key>
			<array>
				<string>B56340031F6002DB00A72567</string>
				<string>B56340041F6002DB00A72567</string>
				<string>B56340051F6002DB00A72567</string>
				<string>B56340061F6002DB00A72567</string>
				<string>B56340071F6002DB00A72567</string>
				<string>B56340081F6002DB00A72567</string>
				<string>B56340091F6002DB00A72567</string>
			</array>
			<key>isa</key>
			<string>PBXGroup</string>
			<key>path</key>
			<string>Resources</string>
			<key>sourceTree</key>
			<string>&lt;group&gt;</string>
		</dict>
		<key>B56340031F6002DB00A72567</key>
		<dict>
			<key>fileEncoding</key>
			<string>4</string>
			<key>isa</key>
			<string>PBXFileReference</string>
			<key>lastKnownFileType</key>
			<string>text.json</string>
			<key>path</key>
			<string>MJExtensionExceptionOneTest.json</string>
			<key>sourceTree</key>
			<string>&lt;group&gt;</string>
		</dict>
		<key>B56340041F6002DB00A72567</key>
		<dict>
			<key>fileEncoding</key>
			<string>4</string>
			<key>isa</key>
			<string>PBXFileReference</string>
			<key>lastKnownFileType</key>
			<string>text.json</string>
			<key>path</key>
			<string>MJExtensionExceptionThreeTest.json</string>
			<key>sourceTree</key>
			<string>&lt;group&gt;</string>
		</dict>
		<key>B56340051F6002DB00A72567</key>
		<dict>
			<key>fileEncoding</key>
			<string>4</string>
			<key>isa</key>
			<string>PBXFileReference</string>
			<key>lastKnownFileType</key>
			<string>text.json</string>
			<key>path</key>
			<string>MJExtensionExceptionTwoTest.json</string>
			<key>sourceTree</key>
			<string>&lt;group&gt;</string>
		</dict>
		<key>B56340061F6002DB00A72567</key>
		<dict>
			<key>fileEncoding</key>
			<string>4</string>
			<key>isa</key>
			<string>PBXFileReference</string>
			<key>lastKnownFileType</key>
			<string>text.json</string>
			<key>path</key>
			<string>MJExtensionModelArrayTest.json</string>
			<key>sourceTree</key>
			<string>&lt;group&gt;</string>
		</dict>
		<key>B56340071F6002DB00A72567</key>
		<dict>
			<key>fileEncoding</key>
			<string>4</string>
			<key>isa</key>
			<string>PBXFileReference</string>
			<key>lastKnownFileType</key>
			<string>text.json</string>
			<key>path</key>
			<string>MJExtensionSubClassOneTest.json</string>
			<key>sourceTree</key>
			<string>&lt;group&gt;</string>
		</dict>
		<key>B56340081F6002DB00A72567</key>
		<dict>
			<key>fileEncoding</key>
			<string>4</string>
			<key>isa</key>
			<string>PBXFileReference</string>
			<key>lastKnownFileType</key>
			<string>text.json</string>
			<key>path</key>
			<string>MJExtensionSubClassTwoTest.json</string>
			<key>sourceTree</key>
			<string>&lt;group&gt;</string>
		</dict>
		<key>B56340091F6002DB00A72567</key>
		<dict>
			<key>fileEncoding</key>
			<string>4</string>
			<key>isa</key>
			<string>PBXFileReference</string>
			<key>lastKnownFileType</key>
			<string>text.json</string>
			<key>path</key>
			<string>MJExtensionTest.json</string>
			<key>sourceTree</key>
			<string>&lt;group&gt;</string>
		</dict>
		<key>B563400A1F6002DB00A72567</key>
		<dict>
			<key>children</key>
			<array>
				<string>B563400B1F6002DB00A72567</string>
				<string>B563400E1F6002DB00A72567</string>
				<string>B56340161F6002DB00A72567</string>
				<string>B56340171F6002DB00A72567</string>
				<string>B56340181F6002DB00A72567</string>
			</array>
			<key>isa</key>
			<string>PBXGroup</string>
			<key>path</key>
			<string>YYModelUsageVC</string>
			<key>sourceTree</key>
			<string>&lt;group&gt;</string>
		</dict>
		<key>B563400B1F6002DB00A72567</key>
		<dict>
			<key>children</key>
			<array>
				<string>B563400C1F6002DB00A72567</string>
				<string>B563400D1F6002DB00A72567</string>
			</array>
			<key>isa</key>
			<string>PBXGroup</string>
			<key>path</key>
			<string>Models</string>
			<key>sourceTree</key>
			<string>&lt;group&gt;</string>
		</dict>
		<key>B563400C1F6002DB00A72567</key>
		<dict>
			<key>fileEncoding</key>
			<string>4</string>
			<key>isa</key>
			<string>PBXFileReference</string>
			<key>lastKnownFileType</key>
			<string>sourcecode.c.h</string>
			<key>path</key>
			<string>ModelForYYModel.h</string>
			<key>sourceTree</key>
			<string>&lt;group&gt;</string>
		</dict>
		<key>B563400D1F6002DB00A72567</key>
		<dict>
			<key>fileEncoding</key>
			<string>4</string>
			<key>isa</key>
			<string>PBXFileReference</string>
			<key>lastKnownFileType</key>
			<string>sourcecode.c.objc</string>
			<key>path</key>
			<string>ModelForYYModel.m</string>
			<key>sourceTree</key>
			<string>&lt;group&gt;</string>
		</dict>
		<key>B563400E1F6002DB00A72567</key>
		<dict>
			<key>children</key>
			<array>
				<string>B563400F1F6002DB00A72567</string>
				<string>B56340101F6002DB00A72567</string>
				<string>B56340111F6002DB00A72567</string>
				<string>B56340121F6002DB00A72567</string>
				<string>B56340131F6002DB00A72567</string>
				<string>B56340141F6002DB00A72567</string>
				<string>B56340151F6002DB00A72567</string>
			</array>
			<key>isa</key>
			<string>PBXGroup</string>
			<key>path</key>
			<string>Resources</string>
			<key>sourceTree</key>
			<string>&lt;group&gt;</string>
		</dict>
		<key>B563400F1F6002DB00A72567</key>
		<dict>
			<key>fileEncoding</key>
			<string>4</string>
			<key>isa</key>
			<string>PBXFileReference</string>
			<key>lastKnownFileType</key>
			<string>text.json</string>
			<key>path</key>
			<string>YYModelExceptionOneTest.json</string>
			<key>sourceTree</key>
			<string>&lt;group&gt;</string>
		</dict>
		<key>B56340101F6002DB00A72567</key>
		<dict>
			<key>fileEncoding</key>
			<string>4</string>
			<key>isa</key>
			<string>PBXFileReference</string>
			<key>lastKnownFileType</key>
			<string>text.json</string>
			<key>path</key>
			<string>YYModelExceptionThreeTest.json</string>
			<key>sourceTree</key>
			<string>&lt;group&gt;</string>
		</dict>
		<key>B56340111F6002DB00A72567</key>
		<dict>
			<key>fileEncoding</key>
			<string>4</string>
			<key>isa</key>
			<string>PBXFileReference</string>
			<key>lastKnownFileType</key>
			<string>text.json</string>
			<key>path</key>
			<string>YYModelExceptionTwoTest.json</string>
			<key>sourceTree</key>
			<string>&lt;group&gt;</string>
		</dict>
		<key>B56340121F6002DB00A72567</key>
		<dict>
			<key>fileEncoding</key>
			<string>4</string>
			<key>isa</key>
			<string>PBXFileReference</string>
			<key>lastKnownFileType</key>
			<string>text.json</string>
			<key>path</key>
			<string>YYModelModelArrayTest.json</string>
			<key>sourceTree</key>
			<string>&lt;group&gt;</string>
		</dict>
		<key>B56340131F6002DB00A72567</key>
		<dict>
			<key>fileEncoding</key>
			<string>4</string>
			<key>isa</key>
			<string>PBXFileReference</string>
			<key>lastKnownFileType</key>
			<string>text.json</string>
			<key>path</key>
			<string>YYModelSubClassOneTest.json</string>
			<key>sourceTree</key>
			<string>&lt;group&gt;</string>
		</dict>
		<key>B56340141F6002DB00A72567</key>
		<dict>
			<key>fileEncoding</key>
			<string>4</string>
			<key>isa</key>
			<string>PBXFileReference</string>
			<key>lastKnownFileType</key>
			<string>text.json</string>
			<key>path</key>
			<string>YYModelSubClassTwoTest.json</string>
			<key>sourceTree</key>
			<string>&lt;group&gt;</string>
		</dict>
		<key>B56340151F6002DB00A72567</key>
		<dict>
			<key>fileEncoding</key>
			<string>4</string>
			<key>isa</key>
			<string>PBXFileReference</string>
			<key>lastKnownFileType</key>
			<string>text.json</string>
			<key>path</key>
			<string>YYModelTest.json</string>
			<key>sourceTree</key>
			<string>&lt;group&gt;</string>
		</dict>
		<key>B56340161F6002DB00A72567</key>
		<dict>
			<key>fileEncoding</key>
			<string>4</string>
			<key>isa</key>
			<string>PBXFileReference</string>
			<key>lastKnownFileType</key>
			<string>sourcecode.c.h</string>
			<key>path</key>
			<string>YYModelUsageVC.h</string>
			<key>sourceTree</key>
			<string>&lt;group&gt;</string>
		</dict>
		<key>B56340171F6002DB00A72567</key>
		<dict>
			<key>fileEncoding</key>
			<string>4</string>
			<key>isa</key>
			<string>PBXFileReference</string>
			<key>lastKnownFileType</key>
			<string>sourcecode.c.objc</string>
			<key>path</key>
			<string>YYModelUsageVC.m</string>
			<key>sourceTree</key>
			<string>&lt;group&gt;</string>
		</dict>
		<key>B56340181F6002DB00A72567</key>
		<dict>
			<key>fileEncoding</key>
			<string>4</string>
			<key>isa</key>
			<string>PBXFileReference</string>
			<key>lastKnownFileType</key>
			<string>file.xib</string>
			<key>path</key>
			<string>YYModelUsageVC.xib</string>
			<key>sourceTree</key>
			<string>&lt;group&gt;</string>
		</dict>
		<key>B56340191F6002DB00A72567</key>
		<dict>
			<key>fileRef</key>
			<string>B5633FDE1F6002DB00A72567</string>
			<key>isa</key>
			<string>PBXBuildFile</string>
		</dict>
		<key>B563401A1F6002DB00A72567</key>
		<dict>
			<key>fileRef</key>
			<string>B5633FDF1F6002DB00A72567</string>
			<key>isa</key>
			<string>PBXBuildFile</string>
		</dict>
		<key>B563401B1F6002DB00A72567</key>
		<dict>
			<key>fileRef</key>
			<string>B5633FE21F6002DB00A72567</string>
			<key>isa</key>
			<string>PBXBuildFile</string>
		</dict>
		<key>B563401C1F6002DB00A72567</key>
		<dict>
			<key>fileRef</key>
			<string>B5633FE41F6002DB00A72567</string>
			<key>isa</key>
			<string>PBXBuildFile</string>
		</dict>
		<key>B563401D1F6002DB00A72567</key>
		<dict>
			<key>fileRef</key>
			<string>B5633FE51F6002DB00A72567</string>
			<key>isa</key>
			<string>PBXBuildFile</string>
		</dict>
		<key>B563401E1F6002DB00A72567</key>
		<dict>
			<key>fileRef</key>
			<string>B5633FE61F6002DB00A72567</string>
			<key>isa</key>
			<string>PBXBuildFile</string>
		</dict>
		<key>B563401F1F6002DB00A72567</key>
		<dict>
			<key>fileRef</key>
			<string>B5633FE71F6002DB00A72567</string>
			<key>isa</key>
			<string>PBXBuildFile</string>
		</dict>
		<key>B56340201F6002DB00A72567</key>
		<dict>
			<key>fileRef</key>
			<string>B5633FE81F6002DB00A72567</string>
			<key>isa</key>
			<string>PBXBuildFile</string>
		</dict>
		<key>B56340211F6002DB00A72567</key>
		<dict>
			<key>fileRef</key>
			<string>B5633FE91F6002DB00A72567</string>
			<key>isa</key>
			<string>PBXBuildFile</string>
		</dict>
		<key>B56340221F6002DB00A72567</key>
		<dict>
			<key>fileRef</key>
			<string>B5633FEB1F6002DB00A72567</string>
			<key>isa</key>
			<string>PBXBuildFile</string>
		</dict>
		<key>B56340231F6002DB00A72567</key>
		<dict>
			<key>fileRef</key>
			<string>B5633FEC1F6002DB00A72567</string>
			<key>isa</key>
			<string>PBXBuildFile</string>
		</dict>
		<key>B56340241F6002DB00A72567</key>
		<dict>
			<key>fileRef</key>
			<string>B5633FEF1F6002DB00A72567</string>
			<key>isa</key>
			<string>PBXBuildFile</string>
		</dict>
		<key>B56340251F6002DB00A72567</key>
		<dict>
			<key>fileRef</key>
			<string>B5633FF01F6002DB00A72567</string>
			<key>isa</key>
			<string>PBXBuildFile</string>
		</dict>
		<key>B56340261F6002DB00A72567</key>
		<dict>
			<key>fileRef</key>
			<string>B5633FF31F6002DB00A72567</string>
			<key>isa</key>
			<string>PBXBuildFile</string>
		</dict>
		<key>B56340271F6002DB00A72567</key>
		<dict>
			<key>fileRef</key>
			<string>B5633FF51F6002DB00A72567</string>
			<key>isa</key>
			<string>PBXBuildFile</string>
		</dict>
		<key>B56340281F6002DB00A72567</key>
		<dict>
			<key>fileRef</key>
			<string>B5633FF61F6002DB00A72567</string>
			<key>isa</key>
			<string>PBXBuildFile</string>
		</dict>
		<key>B56340291F6002DB00A72567</key>
		<dict>
			<key>fileRef</key>
			<string>B5633FF71F6002DB00A72567</string>
			<key>isa</key>
			<string>PBXBuildFile</string>
		</dict>
		<key>B563402A1F6002DB00A72567</key>
		<dict>
			<key>fileRef</key>
			<string>B5633FF81F6002DB00A72567</string>
			<key>isa</key>
			<string>PBXBuildFile</string>
		</dict>
		<key>B563402B1F6002DB00A72567</key>
		<dict>
			<key>fileRef</key>
			<string>B5633FF91F6002DB00A72567</string>
			<key>isa</key>
			<string>PBXBuildFile</string>
		</dict>
		<key>B563402C1F6002DB00A72567</key>
		<dict>
			<key>fileRef</key>
			<string>B5633FFA1F6002DB00A72567</string>
			<key>isa</key>
			<string>PBXBuildFile</string>
		</dict>
		<key>B563402D1F6002DB00A72567</key>
		<dict>
			<key>fileRef</key>
			<string>B5633FFD1F6002DB00A72567</string>
			<key>isa</key>
			<string>PBXBuildFile</string>
		</dict>
		<key>B563402E1F6002DB00A72567</key>
		<dict>
			<key>fileRef</key>
			<string>B5633FFE1F6002DB00A72567</string>
			<key>isa</key>
			<string>PBXBuildFile</string>
		</dict>
		<key>B563402F1F6002DB00A72567</key>
		<dict>
			<key>fileRef</key>
			<string>B56340011F6002DB00A72567</string>
			<key>isa</key>
			<string>PBXBuildFile</string>
		</dict>
		<key>B56340301F6002DB00A72567</key>
		<dict>
			<key>fileRef</key>
			<string>B56340031F6002DB00A72567</string>
			<key>isa</key>
			<string>PBXBuildFile</string>
		</dict>
		<key>B56340311F6002DB00A72567</key>
		<dict>
			<key>fileRef</key>
			<string>B56340041F6002DB00A72567</string>
			<key>isa</key>
			<string>PBXBuildFile</string>
		</dict>
		<key>B56340321F6002DB00A72567</key>
		<dict>
			<key>fileRef</key>
			<string>B56340051F6002DB00A72567</string>
			<key>isa</key>
			<string>PBXBuildFile</string>
		</dict>
		<key>B56340331F6002DB00A72567</key>
		<dict>
			<key>fileRef</key>
			<string>B56340061F6002DB00A72567</string>
			<key>isa</key>
			<string>PBXBuildFile</string>
		</dict>
		<key>B56340341F6002DB00A72567</key>
		<dict>
			<key>fileRef</key>
			<string>B56340071F6002DB00A72567</string>
			<key>isa</key>
			<string>PBXBuildFile</string>
		</dict>
		<key>B56340351F6002DB00A72567</key>
		<dict>
			<key>fileRef</key>
			<string>B56340081F6002DB00A72567</string>
			<key>isa</key>
			<string>PBXBuildFile</string>
		</dict>
		<key>B56340361F6002DB00A72567</key>
		<dict>
			<key>fileRef</key>
			<string>B56340091F6002DB00A72567</string>
			<key>isa</key>
			<string>PBXBuildFile</string>
		</dict>
		<key>B56340371F6002DB00A72567</key>
		<dict>
			<key>fileRef</key>
			<string>B563400D1F6002DB00A72567</string>
			<key>isa</key>
			<string>PBXBuildFile</string>
		</dict>
		<key>B56340381F6002DB00A72567</key>
		<dict>
			<key>fileRef</key>
			<string>B563400F1F6002DB00A72567</string>
			<key>isa</key>
			<string>PBXBuildFile</string>
		</dict>
		<key>B56340391F6002DB00A72567</key>
		<dict>
			<key>fileRef</key>
			<string>B56340101F6002DB00A72567</string>
			<key>isa</key>
			<string>PBXBuildFile</string>
		</dict>
		<key>B563403A1F6002DB00A72567</key>
		<dict>
			<key>fileRef</key>
			<string>B56340111F6002DB00A72567</string>
			<key>isa</key>
			<string>PBXBuildFile</string>
		</dict>
		<key>B563403B1F6002DB00A72567</key>
		<dict>
			<key>fileRef</key>
			<string>B56340121F6002DB00A72567</string>
			<key>isa</key>
			<string>PBXBuildFile</string>
		</dict>
		<key>B563403C1F6002DB00A72567</key>
		<dict>
			<key>fileRef</key>
			<string>B56340131F6002DB00A72567</string>
			<key>isa</key>
			<string>PBXBuildFile</string>
		</dict>
		<key>B563403D1F6002DB00A72567</key>
		<dict>
			<key>fileRef</key>
			<string>B56340141F6002DB00A72567</string>
			<key>isa</key>
			<string>PBXBuildFile</string>
		</dict>
		<key>B563403E1F6002DB00A72567</key>
		<dict>
			<key>fileRef</key>
			<string>B56340151F6002DB00A72567</string>
			<key>isa</key>
			<string>PBXBuildFile</string>
		</dict>
		<key>B563403F1F6002DB00A72567</key>
		<dict>
			<key>fileRef</key>
			<string>B56340171F6002DB00A72567</string>
			<key>isa</key>
			<string>PBXBuildFile</string>
		</dict>
		<key>B56340401F6002DB00A72567</key>
		<dict>
			<key>fileRef</key>
			<string>B56340181F6002DB00A72567</string>
			<key>isa</key>
			<string>PBXBuildFile</string>
		</dict>
		<key>B5647F871EF8FAEC009CF536</key>
		<dict>
			<key>children</key>
			<array>
				<string>B5647F881EF8FB3B009CF536</string>
			</array>
			<key>isa</key>
			<string>PBXGroup</string>
			<key>path</key>
			<string>Common</string>
			<key>sourceTree</key>
			<string>&lt;group&gt;</string>
		</dict>
		<key>B5647F881EF8FB3B009CF536</key>
		<dict>
			<key>children</key>
			<array>
				<string>B5647F891EF8FB4C009CF536</string>
				<string>B5647F8A1EF8FB4C009CF536</string>
			</array>
			<key>isa</key>
			<string>PBXGroup</string>
			<key>path</key>
			<string>BNPopupWindow</string>
			<key>sourceTree</key>
			<string>&lt;group&gt;</string>
		</dict>
		<key>B5647F891EF8FB4C009CF536</key>
		<dict>
			<key>fileEncoding</key>
			<string>4</string>
			<key>isa</key>
			<string>PBXFileReference</string>
			<key>lastKnownFileType</key>
			<string>sourcecode.c.h</string>
			<key>path</key>
			<string>BNPopupWindow.h</string>
			<key>sourceTree</key>
			<string>&lt;group&gt;</string>
		</dict>
		<key>B5647F8A1EF8FB4C009CF536</key>
		<dict>
			<key>fileEncoding</key>
			<string>4</string>
			<key>isa</key>
			<string>PBXFileReference</string>
			<key>lastKnownFileType</key>
			<string>sourcecode.c.objc</string>
			<key>path</key>
			<string>BNPopupWindow.m</string>
			<key>sourceTree</key>
			<string>&lt;group&gt;</string>
		</dict>
		<key>B5647F8B1EF8FB4C009CF536</key>
		<dict>
			<key>fileRef</key>
			<string>B5647F8A1EF8FB4C009CF536</string>
			<key>isa</key>
			<string>PBXBuildFile</string>
		</dict>
		<key>B5647F8C1EF9084E009CF536</key>
		<dict>
			<key>children</key>
			<array>
				<string>B5647F8D1EF9084E009CF536</string>
				<string>B5647F8E1EF9084E009CF536</string>
			</array>
			<key>isa</key>
			<string>PBXGroup</string>
			<key>path</key>
			<string>BasePopoverVC</string>
			<key>sourceTree</key>
			<string>&lt;group&gt;</string>
		</dict>
		<key>B5647F8D1EF9084E009CF536</key>
		<dict>
			<key>fileEncoding</key>
			<string>4</string>
			<key>isa</key>
			<string>PBXFileReference</string>
			<key>lastKnownFileType</key>
			<string>sourcecode.c.h</string>
			<key>path</key>
			<string>BasePopoverVC.h</string>
			<key>sourceTree</key>
			<string>&lt;group&gt;</string>
		</dict>
		<key>B5647F8E1EF9084E009CF536</key>
		<dict>
			<key>fileEncoding</key>
			<string>4</string>
			<key>isa</key>
			<string>PBXFileReference</string>
			<key>lastKnownFileType</key>
			<string>sourcecode.c.objc</string>
			<key>path</key>
			<string>BasePopoverVC.m</string>
			<key>sourceTree</key>
			<string>&lt;group&gt;</string>
		</dict>
		<key>B5647F8F1EF9084E009CF536</key>
		<dict>
			<key>fileRef</key>
			<string>B5647F8E1EF9084E009CF536</string>
			<key>isa</key>
			<string>PBXBuildFile</string>
		</dict>
		<key>B5647F941EF90B1F009CF536</key>
		<dict>
			<key>children</key>
			<array>
				<string>B5647F971EF90B1F009CF536</string>
				<string>B5647F981EF90B1F009CF536</string>
				<string>B5647F951EF90B1F009CF536</string>
				<string>B5647F961EF90B1F009CF536</string>
			</array>
			<key>isa</key>
			<string>PBXGroup</string>
			<key>path</key>
			<string>MBProgressHUD</string>
			<key>sourceTree</key>
			<string>&lt;group&gt;</string>
		</dict>
		<key>B5647F951EF90B1F009CF536</key>
		<dict>
			<key>fileEncoding</key>
			<string>4</string>
			<key>isa</key>
			<string>PBXFileReference</string>
			<key>lastKnownFileType</key>
			<string>sourcecode.c.h</string>
			<key>path</key>
			<string>MBProgressHUD+Add.h</string>
			<key>sourceTree</key>
			<string>&lt;group&gt;</string>
		</dict>
		<key>B5647F961EF90B1F009CF536</key>
		<dict>
			<key>fileEncoding</key>
			<string>4</string>
			<key>isa</key>
			<string>PBXFileReference</string>
			<key>lastKnownFileType</key>
			<string>sourcecode.c.objc</string>
			<key>path</key>
			<string>MBProgressHUD+Add.m</string>
			<key>sourceTree</key>
			<string>&lt;group&gt;</string>
		</dict>
		<key>B5647F971EF90B1F009CF536</key>
		<dict>
			<key>fileEncoding</key>
			<string>4</string>
			<key>isa</key>
			<string>PBXFileReference</string>
			<key>lastKnownFileType</key>
			<string>sourcecode.c.h</string>
			<key>path</key>
			<string>MBProgressHUD.h</string>
			<key>sourceTree</key>
			<string>&lt;group&gt;</string>
		</dict>
		<key>B5647F981EF90B1F009CF536</key>
		<dict>
			<key>fileEncoding</key>
			<string>4</string>
			<key>isa</key>
			<string>PBXFileReference</string>
			<key>lastKnownFileType</key>
			<string>sourcecode.c.objc</string>
			<key>path</key>
			<string>MBProgressHUD.m</string>
			<key>sourceTree</key>
			<string>&lt;group&gt;</string>
		</dict>
		<key>B5647F991EF90B1F009CF536</key>
		<dict>
			<key>fileRef</key>
			<string>B5647F961EF90B1F009CF536</string>
			<key>isa</key>
			<string>PBXBuildFile</string>
		</dict>
		<key>B5647F9A1EF90B1F009CF536</key>
		<dict>
			<key>fileRef</key>
			<string>B5647F981EF90B1F009CF536</string>
			<key>isa</key>
			<string>PBXBuildFile</string>
		</dict>
		<key>B5647F9B1EF90E7C009CF536</key>
		<dict>
			<key>fileEncoding</key>
			<string>4</string>
			<key>isa</key>
			<string>PBXFileReference</string>
			<key>lastKnownFileType</key>
			<string>sourcecode.c.h</string>
			<key>path</key>
			<string>UIView+Hierarchy.h</string>
			<key>sourceTree</key>
			<string>&lt;group&gt;</string>
		</dict>
		<key>B5647F9C1EF90E7C009CF536</key>
		<dict>
			<key>fileEncoding</key>
			<string>4</string>
			<key>isa</key>
			<string>PBXFileReference</string>
			<key>lastKnownFileType</key>
			<string>sourcecode.c.objc</string>
			<key>path</key>
			<string>UIView+Hierarchy.m</string>
			<key>sourceTree</key>
			<string>&lt;group&gt;</string>
		</dict>
		<key>B5647F9D1EF90E7C009CF536</key>
		<dict>
			<key>fileRef</key>
			<string>B5647F9C1EF90E7C009CF536</string>
			<key>isa</key>
			<string>PBXBuildFile</string>
		</dict>
		<key>B5647F9E1EF90EC1009CF536</key>
		<dict>
			<key>children</key>
			<array>
				<string>B5647F9F1EF90EC1009CF536</string>
				<string>B5647FA01EF90EC1009CF536</string>
				<string>B5647FA11EF90EC1009CF536</string>
				<string>B5647FA21EF90EC1009CF536</string>
				<string>B5647FA31EF90EC1009CF536</string>
				<string>B5647FA41EF90EC1009CF536</string>
				<string>B5647FA51EF90EC1009CF536</string>
				<string>B5647FA61EF90EC1009CF536</string>
			</array>
			<key>isa</key>
			<string>PBXGroup</string>
			<key>path</key>
			<string>GCDObjC</string>
			<key>sourceTree</key>
			<string>&lt;group&gt;</string>
		</dict>
		<key>B5647F9F1EF90EC1009CF536</key>
		<dict>
			<key>fileEncoding</key>
			<string>4</string>
			<key>isa</key>
			<string>PBXFileReference</string>
			<key>lastKnownFileType</key>
			<string>sourcecode.c.h</string>
			<key>path</key>
			<string>GCDGroup.h</string>
			<key>sourceTree</key>
			<string>&lt;group&gt;</string>
		</dict>
		<key>B5647FA01EF90EC1009CF536</key>
		<dict>
			<key>fileEncoding</key>
			<string>4</string>
			<key>isa</key>
			<string>PBXFileReference</string>
			<key>lastKnownFileType</key>
			<string>sourcecode.c.objc</string>
			<key>path</key>
			<string>GCDGroup.m</string>
			<key>sourceTree</key>
			<string>&lt;group&gt;</string>
		</dict>
		<key>B5647FA11EF90EC1009CF536</key>
		<dict>
			<key>fileEncoding</key>
			<string>4</string>
			<key>isa</key>
			<string>PBXFileReference</string>
			<key>lastKnownFileType</key>
			<string>sourcecode.c.h</string>
			<key>path</key>
			<string>GCDMacros.h</string>
			<key>sourceTree</key>
			<string>&lt;group&gt;</string>
		</dict>
		<key>B5647FA21EF90EC1009CF536</key>
		<dict>
			<key>fileEncoding</key>
			<string>4</string>
			<key>isa</key>
			<string>PBXFileReference</string>
			<key>lastKnownFileType</key>
			<string>sourcecode.c.h</string>
			<key>path</key>
			<string>GCDObjC.h</string>
			<key>sourceTree</key>
			<string>&lt;group&gt;</string>
		</dict>
		<key>B5647FA31EF90EC1009CF536</key>
		<dict>
			<key>fileEncoding</key>
			<string>4</string>
			<key>isa</key>
			<string>PBXFileReference</string>
			<key>lastKnownFileType</key>
			<string>sourcecode.c.h</string>
			<key>path</key>
			<string>GCDQueue.h</string>
			<key>sourceTree</key>
			<string>&lt;group&gt;</string>
		</dict>
		<key>B5647FA41EF90EC1009CF536</key>
		<dict>
			<key>fileEncoding</key>
			<string>4</string>
			<key>isa</key>
			<string>PBXFileReference</string>
			<key>lastKnownFileType</key>
			<string>sourcecode.c.objc</string>
			<key>path</key>
			<string>GCDQueue.m</string>
			<key>sourceTree</key>
			<string>&lt;group&gt;</string>
		</dict>
		<key>B5647FA51EF90EC1009CF536</key>
		<dict>
			<key>fileEncoding</key>
			<string>4</string>
			<key>isa</key>
			<string>PBXFileReference</string>
			<key>lastKnownFileType</key>
			<string>sourcecode.c.h</string>
			<key>path</key>
			<string>GCDSemaphore.h</string>
			<key>sourceTree</key>
			<string>&lt;group&gt;</string>
		</dict>
		<key>B5647FA61EF90EC1009CF536</key>
		<dict>
			<key>fileEncoding</key>
			<string>4</string>
			<key>isa</key>
			<string>PBXFileReference</string>
			<key>lastKnownFileType</key>
			<string>sourcecode.c.objc</string>
			<key>path</key>
			<string>GCDSemaphore.m</string>
			<key>sourceTree</key>
			<string>&lt;group&gt;</string>
		</dict>
		<key>B5647FA71EF90EC1009CF536</key>
		<dict>
			<key>fileRef</key>
			<string>B5647FA01EF90EC1009CF536</string>
			<key>isa</key>
			<string>PBXBuildFile</string>
		</dict>
		<key>B5647FA81EF90EC1009CF536</key>
		<dict>
			<key>fileRef</key>
			<string>B5647FA41EF90EC1009CF536</string>
			<key>isa</key>
			<string>PBXBuildFile</string>
		</dict>
		<key>B5647FA91EF90EC1009CF536</key>
		<dict>
			<key>fileRef</key>
			<string>B5647FA61EF90EC1009CF536</string>
			<key>isa</key>
			<string>PBXBuildFile</string>
		</dict>
		<key>B5647FF21EF912EE009CF536</key>
		<dict>
			<key>fileEncoding</key>
			<string>4</string>
			<key>isa</key>
			<string>PBXFileReference</string>
			<key>lastKnownFileType</key>
			<string>sourcecode.c.h</string>
			<key>path</key>
			<string>UIImage+Blur.h</string>
			<key>sourceTree</key>
			<string>&lt;group&gt;</string>
		</dict>
		<key>B5647FF31EF912EE009CF536</key>
		<dict>
			<key>fileEncoding</key>
			<string>4</string>
			<key>isa</key>
			<string>PBXFileReference</string>
			<key>lastKnownFileType</key>
			<string>sourcecode.c.objc</string>
			<key>path</key>
			<string>UIImage+Blur.m</string>
			<key>sourceTree</key>
			<string>&lt;group&gt;</string>
		</dict>
		<key>B5647FF41EF912EE009CF536</key>
		<dict>
			<key>fileRef</key>
			<string>B5647FF31EF912EE009CF536</string>
			<key>isa</key>
			<string>PBXBuildFile</string>
		</dict>
		<key>B5647FF51EF91BC7009CF536</key>
		<dict>
			<key>fileEncoding</key>
			<string>4</string>
			<key>isa</key>
			<string>PBXFileReference</string>
			<key>lastKnownFileType</key>
			<string>sourcecode.c.h</string>
			<key>path</key>
			<string>CommonUtils.h</string>
			<key>sourceTree</key>
			<string>&lt;group&gt;</string>
		</dict>
		<key>B5647FF61EF91BC7009CF536</key>
		<dict>
			<key>fileEncoding</key>
			<string>4</string>
			<key>isa</key>
			<string>PBXFileReference</string>
			<key>lastKnownFileType</key>
			<string>sourcecode.c.objc</string>
			<key>path</key>
			<string>CommonUtils.m</string>
			<key>sourceTree</key>
			<string>&lt;group&gt;</string>
		</dict>
		<key>B5647FF71EF91BC7009CF536</key>
		<dict>
			<key>fileRef</key>
			<string>B5647FF61EF91BC7009CF536</string>
			<key>isa</key>
			<string>PBXBuildFile</string>
		</dict>
		<key>B5FA68A31EF26F870077349C</key>
		<dict>
			<key>children</key>
			<array>
				<string>B5FA68A41EF26F870077349C</string>
				<string>B5647F8C1EF9084E009CF536</string>
				<string>B507113A1F0E4A39008EC4AE</string>
				<string>B5FA68A71EF26F870077349C</string>
				<string>B5FA68AA1EF26F870077349C</string>
				<string>B507113E1F0E4A4A008EC4AE</string>
			</array>
			<key>isa</key>
			<string>PBXGroup</string>
			<key>path</key>
			<string>Base</string>
			<key>sourceTree</key>
			<string>&lt;group&gt;</string>
		</dict>
		<key>B5FA68A41EF26F870077349C</key>
		<dict>
			<key>children</key>
			<array>
				<string>B5FA68A51EF26F870077349C</string>
				<string>B5FA68A61EF26F870077349C</string>
			</array>
			<key>isa</key>
			<string>PBXGroup</string>
			<key>path</key>
			<string>BaseViewController</string>
			<key>sourceTree</key>
			<string>&lt;group&gt;</string>
		</dict>
		<key>B5FA68A51EF26F870077349C</key>
		<dict>
			<key>fileEncoding</key>
			<string>4</string>
			<key>isa</key>
			<string>PBXFileReference</string>
			<key>lastKnownFileType</key>
			<string>sourcecode.c.h</string>
			<key>path</key>
			<string>BaseViewController.h</string>
			<key>sourceTree</key>
			<string>&lt;group&gt;</string>
		</dict>
		<key>B5FA68A61EF26F870077349C</key>
		<dict>
			<key>fileEncoding</key>
			<string>4</string>
			<key>isa</key>
			<string>PBXFileReference</string>
			<key>lastKnownFileType</key>
			<string>sourcecode.c.objc</string>
			<key>path</key>
			<string>BaseViewController.m</string>
			<key>sourceTree</key>
			<string>&lt;group&gt;</string>
		</dict>
		<key>B5FA68A71EF26F870077349C</key>
		<dict>
			<key>children</key>
			<array>
				<string>B5FA68A81EF26F870077349C</string>
				<string>B5FA68A91EF26F870077349C</string>
			</array>
			<key>isa</key>
			<string>PBXGroup</string>
			<key>path</key>
			<string>BNNavigationController</string>
			<key>sourceTree</key>
			<string>&lt;group&gt;</string>
		</dict>
		<key>B5FA68A81EF26F870077349C</key>
		<dict>
			<key>fileEncoding</key>
			<string>4</string>
			<key>isa</key>
			<string>PBXFileReference</string>
			<key>lastKnownFileType</key>
			<string>sourcecode.c.h</string>
			<key>path</key>
			<string>BNNavigationController.h</string>
			<key>sourceTree</key>
			<string>&lt;group&gt;</string>
		</dict>
		<key>B5FA68A91EF26F870077349C</key>
		<dict>
			<key>fileEncoding</key>
			<string>4</string>
			<key>isa</key>
			<string>PBXFileReference</string>
			<key>lastKnownFileType</key>
			<string>sourcecode.c.objc</string>
			<key>path</key>
			<string>BNNavigationController.m</string>
			<key>sourceTree</key>
			<string>&lt;group&gt;</string>
		</dict>
		<key>B5FA68AA1EF26F870077349C</key>
		<dict>
			<key>children</key>
			<array>
				<string>B5FA68AB1EF26F870077349C</string>
				<string>B5FA68AC1EF26F870077349C</string>
			</array>
			<key>isa</key>
			<string>PBXGroup</string>
			<key>path</key>
			<string>BNTabBarController</string>
			<key>sourceTree</key>
			<string>&lt;group&gt;</string>
		</dict>
		<key>B5FA68AB1EF26F870077349C</key>
		<dict>
			<key>fileEncoding</key>
			<string>4</string>
			<key>isa</key>
			<string>PBXFileReference</string>
			<key>lastKnownFileType</key>
			<string>sourcecode.c.h</string>
			<key>path</key>
			<string>BNTabBarController.h</string>
			<key>sourceTree</key>
			<string>&lt;group&gt;</string>
		</dict>
		<key>B5FA68AC1EF26F870077349C</key>
		<dict>
			<key>fileEncoding</key>
			<string>4</string>
			<key>isa</key>
			<string>PBXFileReference</string>
			<key>lastKnownFileType</key>
			<string>sourcecode.c.objc</string>
			<key>path</key>
			<string>BNTabBarController.m</string>
			<key>sourceTree</key>
			<string>&lt;group&gt;</string>
		</dict>
		<key>B5FA68AD1EF26F870077349C</key>
		<dict>
			<key>fileRef</key>
			<string>B5FA68A61EF26F870077349C</string>
			<key>isa</key>
			<string>PBXBuildFile</string>
		</dict>
		<key>B5FA68AE1EF26F870077349C</key>
		<dict>
			<key>fileRef</key>
			<string>B5FA68A91EF26F870077349C</string>
			<key>isa</key>
			<string>PBXBuildFile</string>
		</dict>
		<key>B5FA68AF1EF26F870077349C</key>
		<dict>
			<key>fileRef</key>
			<string>B5FA68AC1EF26F870077349C</string>
			<key>isa</key>
			<string>PBXBuildFile</string>
		</dict>
		<key>BDE61C448897B6B2235B7026</key>
		<dict>
			<key>children</key>
			<array>
				<string>0B6364692DBB1E35BBAC518E</string>
			</array>
			<key>isa</key>
			<string>PBXGroup</string>
			<key>name</key>
			<string>Frameworks</string>
			<key>sourceTree</key>
			<string>&lt;group&gt;</string>
		</dict>
		<key>E066EE105A7C679E0096DEB6</key>
		<dict>
			<key>buildActionMask</key>
			<string>2147483647</string>
			<key>files</key>
			<array/>
			<key>inputPaths</key>
			<array/>
			<key>isa</key>
			<string>PBXShellScriptBuildPhase</string>
			<key>name</key>
			<string>[CP] Check Pods Manifest.lock</string>
			<key>outputPaths</key>
			<array/>
			<key>runOnlyForDeploymentPostprocessing</key>
			<string>0</string>
			<key>shellPath</key>
			<string>/bin/sh</string>
			<key>shellScript</key>
			<string>diff "${PODS_ROOT}/../Podfile.lock" "${PODS_ROOT}/Manifest.lock" &gt; /dev/null
if [[ $? != 0 ]] ; then
    cat &lt;&lt; EOM
error: The sandbox is not in sync with the Podfile.lock. Run 'pod install' or update your CocoaPods installation.
EOM
    exit 1
fi
</string>
			<key>showEnvVarsInLog</key>
			<string>0</string>
		</dict>
		<key>E2A3D35009822E41A6D16F3A</key>
		<dict>
			<key>buildActionMask</key>
			<string>2147483647</string>
			<key>files</key>
			<array/>
			<key>inputPaths</key>
			<array/>
			<key>isa</key>
			<string>PBXShellScriptBuildPhase</string>
			<key>name</key>
			<string>[CP] Copy Pods Resources</string>
			<key>outputPaths</key>
			<array/>
			<key>runOnlyForDeploymentPostprocessing</key>
			<string>0</string>
			<key>shellPath</key>
			<string>/bin/sh</string>
			<key>shellScript</key>
			<string>"${SRCROOT}/Pods/Target Support Files/Pods-TestTemplateProject/Pods-TestTemplateProject-resources.sh"
</string>
			<key>showEnvVarsInLog</key>
			<string>0</string>
		</dict>
	</dict>
	<key>rootObject</key>
	<string>330F7BB51ED3321F0009280A</string>
</dict>
</plist>
